// !$*UTF8*$!
{
	archiveVersion = 1;
	classes = {
	};
	objectVersion = 48;
	objects = {

/* Begin PBXBuildFile section */
		B16C3B482C0323D8006B3EE2 /* egtbgendb_forward.cpp in Sources */ = {isa = PBXBuildFile; fileRef = B16C3B472C0323D8006B3EE2 /* egtbgendb_forward.cpp */; };
		B16C3B492C0323D8006B3EE2 /* egtbgendb_forward.cpp in Sources */ = {isa = PBXBuildFile; fileRef = B16C3B472C0323D8006B3EE2 /* egtbgendb_forward.cpp */; };
		B16CABB12BCA7DA90001D9B1 /* chess.cpp in Sources */ = {isa = PBXBuildFile; fileRef = B16CABA72BCA7DA90001D9B1 /* chess.cpp */; };
		B16CABB42BCA7DA90001D9B1 /* base.cpp in Sources */ = {isa = PBXBuildFile; fileRef = B16CABAD2BCA7DA90001D9B1 /* base.cpp */; };
		B16CABB52BCA7DA90001D9B1 /* funcs.cpp in Sources */ = {isa = PBXBuildFile; fileRef = B16CABAE2BCA7DA90001D9B1 /* funcs.cpp */; };
		B17711762BDD395500586C78 /* LzmaEnc.c in Sources */ = {isa = PBXBuildFile; fileRef = B17711632BDD395400586C78 /* LzmaEnc.c */; };
		B17711772BDD395500586C78 /* LzmaEnc.c in Sources */ = {isa = PBXBuildFile; fileRef = B17711632BDD395400586C78 /* LzmaEnc.c */; };
		B17711782BDD395500586C78 /* LzFind.c in Sources */ = {isa = PBXBuildFile; fileRef = B17711662BDD395500586C78 /* LzFind.c */; };
		B17711792BDD395500586C78 /* LzFind.c in Sources */ = {isa = PBXBuildFile; fileRef = B17711662BDD395500586C78 /* LzFind.c */; };
		B177117A2BDD395500586C78 /* LzmaDec.c in Sources */ = {isa = PBXBuildFile; fileRef = B17711682BDD395500586C78 /* LzmaDec.c */; };
		B177117B2BDD395500586C78 /* LzmaDec.c in Sources */ = {isa = PBXBuildFile; fileRef = B17711682BDD395500586C78 /* LzmaDec.c */; };
		B17B01E12BFD798C0035254D /* genboard_cs.cpp in Sources */ = {isa = PBXBuildFile; fileRef = B17B01DF2BFD798B0035254D /* genboard_cs.cpp */; };
		B17B01E22BFD798C0035254D /* genboard_cs.cpp in Sources */ = {isa = PBXBuildFile; fileRef = B17B01DF2BFD798B0035254D /* genboard_cs.cpp */; };
		B17B01E42BFD79C50035254D /* genboard_xq.cpp in Sources */ = {isa = PBXBuildFile; fileRef = B17B01E32BFD79C50035254D /* genboard_xq.cpp */; };
		B17B01E52BFD79C50035254D /* genboard_xq.cpp in Sources */ = {isa = PBXBuildFile; fileRef = B17B01E32BFD79C50035254D /* genboard_xq.cpp */; };
		B18035492BE32F19007F7F91 /* egtbkey_cs.cpp in Sources */ = {isa = PBXBuildFile; fileRef = B180353B2BE32F19007F7F91 /* egtbkey_cs.cpp */; };
		B180354A2BE32F19007F7F91 /* egtbkey_cs.cpp in Sources */ = {isa = PBXBuildFile; fileRef = B180353B2BE32F19007F7F91 /* egtbkey_cs.cpp */; };
		B180354B2BE32F19007F7F91 /* egtbfile_xq.cpp in Sources */ = {isa = PBXBuildFile; fileRef = B180353E2BE32F19007F7F91 /* egtbfile_xq.cpp */; };
		B180354C2BE32F19007F7F91 /* egtbfile_xq.cpp in Sources */ = {isa = PBXBuildFile; fileRef = B180353E2BE32F19007F7F91 /* egtbfile_xq.cpp */; };
		B180354F2BE32F19007F7F91 /* egtbfile.cpp in Sources */ = {isa = PBXBuildFile; fileRef = B18035422BE32F19007F7F91 /* egtbfile.cpp */; };
		B18035502BE32F19007F7F91 /* egtbfile.cpp in Sources */ = {isa = PBXBuildFile; fileRef = B18035422BE32F19007F7F91 /* egtbfile.cpp */; };
		B18035512BE32F19007F7F91 /* egtb.cpp in Sources */ = {isa = PBXBuildFile; fileRef = B18035432BE32F19007F7F91 /* egtb.cpp */; };
		B18035522BE32F19007F7F91 /* egtb.cpp in Sources */ = {isa = PBXBuildFile; fileRef = B18035432BE32F19007F7F91 /* egtb.cpp */; };
		B18035532BE32F19007F7F91 /* egtbkey.cpp in Sources */ = {isa = PBXBuildFile; fileRef = B18035442BE32F19007F7F91 /* egtbkey.cpp */; };
		B18035542BE32F19007F7F91 /* egtbkey.cpp in Sources */ = {isa = PBXBuildFile; fileRef = B18035442BE32F19007F7F91 /* egtbkey.cpp */; };
		B18035552BE32F19007F7F91 /* egtbkey_xq.cpp in Sources */ = {isa = PBXBuildFile; fileRef = B18035452BE32F19007F7F91 /* egtbkey_xq.cpp */; };
		B18035562BE32F19007F7F91 /* egtbkey_xq.cpp in Sources */ = {isa = PBXBuildFile; fileRef = B18035452BE32F19007F7F91 /* egtbkey_xq.cpp */; };
		B18035572BE32F19007F7F91 /* egtbdb.cpp in Sources */ = {isa = PBXBuildFile; fileRef = B18035472BE32F19007F7F91 /* egtbdb.cpp */; };
		B18035582BE32F19007F7F91 /* egtbdb.cpp in Sources */ = {isa = PBXBuildFile; fileRef = B18035472BE32F19007F7F91 /* egtbdb.cpp */; };
		B18035592BE32F19007F7F91 /* egtbfile_cs.cpp in Sources */ = {isa = PBXBuildFile; fileRef = B18035482BE32F19007F7F91 /* egtbfile_cs.cpp */; };
		B180355A2BE32F19007F7F91 /* egtbfile_cs.cpp in Sources */ = {isa = PBXBuildFile; fileRef = B18035482BE32F19007F7F91 /* egtbfile_cs.cpp */; };
		B180357B2BE3D881007F7F91 /* egtbgendb.cpp in Sources */ = {isa = PBXBuildFile; fileRef = B18035612BE3D881007F7F91 /* egtbgendb.cpp */; };
		B180357C2BE3D881007F7F91 /* egtbgendb.cpp in Sources */ = {isa = PBXBuildFile; fileRef = B18035612BE3D881007F7F91 /* egtbgendb.cpp */; };
		B18035832BE3D881007F7F91 /* genlib.cpp in Sources */ = {isa = PBXBuildFile; fileRef = B18035672BE3D881007F7F91 /* genlib.cpp */; };
		B18035842BE3D881007F7F91 /* genlib.cpp in Sources */ = {isa = PBXBuildFile; fileRef = B18035672BE3D881007F7F91 /* genlib.cpp */; };
		B18035852BE3D881007F7F91 /* mainegtb.cpp in Sources */ = {isa = PBXBuildFile; fileRef = B180356A2BE3D881007F7F91 /* mainegtb.cpp */; };
		B18035862BE3D881007F7F91 /* mainegtb.cpp in Sources */ = {isa = PBXBuildFile; fileRef = B180356A2BE3D881007F7F91 /* mainegtb.cpp */; };
		B18035872BE3D881007F7F91 /* egtbgenfile.cpp in Sources */ = {isa = PBXBuildFile; fileRef = B180356D2BE3D881007F7F91 /* egtbgenfile.cpp */; };
		B18035882BE3D881007F7F91 /* egtbgenfile.cpp in Sources */ = {isa = PBXBuildFile; fileRef = B180356D2BE3D881007F7F91 /* egtbgenfile.cpp */; };
		B18035892BE3D881007F7F91 /* compresslib.cpp in Sources */ = {isa = PBXBuildFile; fileRef = B180356E2BE3D881007F7F91 /* compresslib.cpp */; };
		B180358A2BE3D881007F7F91 /* compresslib.cpp in Sources */ = {isa = PBXBuildFile; fileRef = B180356E2BE3D881007F7F91 /* compresslib.cpp */; };
		B180358D2BE3D881007F7F91 /* threadmng.cpp in Sources */ = {isa = PBXBuildFile; fileRef = B18035722BE3D881007F7F91 /* threadmng.cpp */; };
		B180358E2BE3D881007F7F91 /* threadmng.cpp in Sources */ = {isa = PBXBuildFile; fileRef = B18035722BE3D881007F7F91 /* threadmng.cpp */; };
		B180358F2BE3D881007F7F91 /* egtbgendb_lib.cpp in Sources */ = {isa = PBXBuildFile; fileRef = B18035742BE3D881007F7F91 /* egtbgendb_lib.cpp */; };
		B18035902BE3D881007F7F91 /* egtbgendb_lib.cpp in Sources */ = {isa = PBXBuildFile; fileRef = B18035742BE3D881007F7F91 /* egtbgendb_lib.cpp */; };
		B18154612BCEB38D00EF7716 /* xq.cpp in Sources */ = {isa = PBXBuildFile; fileRef = B181545D2BCEB26700EF7716 /* xq.cpp */; };
		B18154622BCEB38D00EF7716 /* base.cpp in Sources */ = {isa = PBXBuildFile; fileRef = B16CABAD2BCA7DA90001D9B1 /* base.cpp */; };
		B18154642BCEB38D00EF7716 /* funcs.cpp in Sources */ = {isa = PBXBuildFile; fileRef = B16CABAE2BCA7DA90001D9B1 /* funcs.cpp */; };
		B1B27CB02BF6293D00333F09 /* egtbgendb_backward.cpp in Sources */ = {isa = PBXBuildFile; fileRef = B1B27CAF2BF6293D00333F09 /* egtbgendb_backward.cpp */; };
		B1B27CB12BF6293D00333F09 /* egtbgendb_backward.cpp in Sources */ = {isa = PBXBuildFile; fileRef = B1B27CAF2BF6293D00333F09 /* egtbgendb_backward.cpp */; };
/* End PBXBuildFile section */

/* Begin PBXCopyFilesBuildPhase section */
		749E8AD11FB5193200A2F578 /* CopyFiles */ = {
			isa = PBXCopyFilesBuildPhase;
			buildActionMask = 2147483647;
			dstPath = /usr/share/man/man1/;
			dstSubfolderSpec = 0;
			files = (
			);
			runOnlyForDeploymentPostprocessing = 1;
		};
		B18154672BCEB38D00EF7716 /* CopyFiles */ = {
			isa = PBXCopyFilesBuildPhase;
			buildActionMask = 2147483647;
			dstPath = /usr/share/man/man1/;
			dstSubfolderSpec = 0;
			files = (
			);
			runOnlyForDeploymentPostprocessing = 1;
		};
/* End PBXCopyFilesBuildPhase section */

/* Begin PBXFileReference section */
		749AF5BF1FB548440024B589 /* README.md */ = {isa = PBXFileReference; fileEncoding = 4; lastKnownFileType = net.daringfireball.markdown; path = README.md; sourceTree = "<group>"; };
		749E8AD31FB5193200A2F578 /* FelicityEgtb */ = {isa = PBXFileReference; explicitFileType = "compiled.mach-o.executable"; includeInIndex = 0; path = FelicityEgtb; sourceTree = BUILT_PRODUCTS_DIR; };
		B16AE0AE2BCC0D8400B75FC0 /* Perft.md */ = {isa = PBXFileReference; lastKnownFileType = net.daringfireball.markdown; path = Perft.md; sourceTree = "<group>"; };
		B16C3B472C0323D8006B3EE2 /* egtbgendb_forward.cpp */ = {isa = PBXFileReference; lastKnownFileType = sourcecode.cpp.cpp; path = egtbgendb_forward.cpp; sourceTree = "<group>"; };
		B16CABA62BCA7DA90001D9B1 /* chess.h */ = {isa = PBXFileReference; fileEncoding = 4; lastKnownFileType = sourcecode.c.h; path = chess.h; sourceTree = "<group>"; };
		B16CABA72BCA7DA90001D9B1 /* chess.cpp */ = {isa = PBXFileReference; fileEncoding = 4; lastKnownFileType = sourcecode.cpp.cpp; path = chess.cpp; sourceTree = "<group>"; };
		B16CABAC2BCA7DA90001D9B1 /* types.h */ = {isa = PBXFileReference; fileEncoding = 4; lastKnownFileType = sourcecode.c.h; path = types.h; sourceTree = "<group>"; };
		B16CABAD2BCA7DA90001D9B1 /* base.cpp */ = {isa = PBXFileReference; fileEncoding = 4; lastKnownFileType = sourcecode.cpp.cpp; path = base.cpp; sourceTree = "<group>"; };
		B16CABAE2BCA7DA90001D9B1 /* funcs.cpp */ = {isa = PBXFileReference; fileEncoding = 4; lastKnownFileType = sourcecode.cpp.cpp; path = funcs.cpp; sourceTree = "<group>"; };
		B16CABAF2BCA7DA90001D9B1 /* funcs.h */ = {isa = PBXFileReference; fileEncoding = 4; lastKnownFileType = sourcecode.c.h; path = funcs.h; sourceTree = "<group>"; };
		B16CABB02BCA7DA90001D9B1 /* base.h */ = {isa = PBXFileReference; fileEncoding = 4; lastKnownFileType = sourcecode.c.h; path = base.h; sourceTree = "<group>"; };
		B16CABB72BCAC55B0001D9B1 /* build.sh */ = {isa = PBXFileReference; fileEncoding = 4; lastKnownFileType = text.script.sh; path = build.sh; sourceTree = "<group>"; };
		B17711622BDD395400586C78 /* LzHash.h */ = {isa = PBXFileReference; fileEncoding = 4; lastKnownFileType = sourcecode.c.h; path = LzHash.h; sourceTree = "<group>"; };
		B17711632BDD395400586C78 /* LzmaEnc.c */ = {isa = PBXFileReference; fileEncoding = 4; lastKnownFileType = sourcecode.c.c; path = LzmaEnc.c; sourceTree = "<group>"; };
		B17711642BDD395400586C78 /* 7zTypes.h */ = {isa = PBXFileReference; fileEncoding = 4; lastKnownFileType = sourcecode.c.h; path = 7zTypes.h; sourceTree = "<group>"; };
		B17711652BDD395500586C78 /* Compiler.h */ = {isa = PBXFileReference; fileEncoding = 4; lastKnownFileType = sourcecode.c.h; path = Compiler.h; sourceTree = "<group>"; };
		B17711662BDD395500586C78 /* LzFind.c */ = {isa = PBXFileReference; fileEncoding = 4; lastKnownFileType = sourcecode.c.c; path = LzFind.c; sourceTree = "<group>"; };
		B17711672BDD395500586C78 /* Precomp.h */ = {isa = PBXFileReference; fileEncoding = 4; lastKnownFileType = sourcecode.c.h; path = Precomp.h; sourceTree = "<group>"; };
		B17711682BDD395500586C78 /* LzmaDec.c */ = {isa = PBXFileReference; fileEncoding = 4; lastKnownFileType = sourcecode.c.c; path = LzmaDec.c; sourceTree = "<group>"; };
		B17711692BDD395500586C78 /* LzmaEnc.h */ = {isa = PBXFileReference; fileEncoding = 4; lastKnownFileType = sourcecode.c.h; path = LzmaEnc.h; sourceTree = "<group>"; };
		B177116A2BDD395500586C78 /* LzFind.h */ = {isa = PBXFileReference; fileEncoding = 4; lastKnownFileType = sourcecode.c.h; path = LzFind.h; sourceTree = "<group>"; };
		B177116B2BDD395500586C78 /* LzmaDec.h */ = {isa = PBXFileReference; fileEncoding = 4; lastKnownFileType = sourcecode.c.h; path = LzmaDec.h; sourceTree = "<group>"; };
		B17B01DF2BFD798B0035254D /* genboard_cs.cpp */ = {isa = PBXFileReference; lastKnownFileType = sourcecode.cpp.cpp; path = genboard_cs.cpp; sourceTree = "<group>"; };
		B17B01E02BFD798C0035254D /* genboard.h */ = {isa = PBXFileReference; lastKnownFileType = sourcecode.c.h; path = genboard.h; sourceTree = "<group>"; };
		B17B01E32BFD79C50035254D /* genboard_xq.cpp */ = {isa = PBXFileReference; lastKnownFileType = sourcecode.cpp.cpp; path = genboard_xq.cpp; sourceTree = "<group>"; };
		B17CBF252BE727AA00DD316C /* XiangqiIndex.md */ = {isa = PBXFileReference; lastKnownFileType = net.daringfireball.markdown; path = XiangqiIndex.md; sourceTree = "<group>"; };
		B180353B2BE32F19007F7F91 /* egtbkey_cs.cpp */ = {isa = PBXFileReference; fileEncoding = 4; lastKnownFileType = sourcecode.cpp.cpp; path = egtbkey_cs.cpp; sourceTree = "<group>"; };
		B180353C2BE32F19007F7F91 /* egtbdb.h */ = {isa = PBXFileReference; fileEncoding = 4; lastKnownFileType = sourcecode.c.h; path = egtbdb.h; sourceTree = "<group>"; };
		B180353D2BE32F19007F7F91 /* egtb.h */ = {isa = PBXFileReference; fileEncoding = 4; lastKnownFileType = sourcecode.c.h; path = egtb.h; sourceTree = "<group>"; };
		B180353E2BE32F19007F7F91 /* egtbfile_xq.cpp */ = {isa = PBXFileReference; fileEncoding = 4; lastKnownFileType = sourcecode.cpp.cpp; path = egtbfile_xq.cpp; sourceTree = "<group>"; };
		B18035412BE32F19007F7F91 /* egtbkey.h */ = {isa = PBXFileReference; fileEncoding = 4; lastKnownFileType = sourcecode.c.h; path = egtbkey.h; sourceTree = "<group>"; };
		B18035422BE32F19007F7F91 /* egtbfile.cpp */ = {isa = PBXFileReference; fileEncoding = 4; lastKnownFileType = sourcecode.cpp.cpp; path = egtbfile.cpp; sourceTree = "<group>"; };
		B18035432BE32F19007F7F91 /* egtb.cpp */ = {isa = PBXFileReference; fileEncoding = 4; lastKnownFileType = sourcecode.cpp.cpp; path = egtb.cpp; sourceTree = "<group>"; };
		B18035442BE32F19007F7F91 /* egtbkey.cpp */ = {isa = PBXFileReference; fileEncoding = 4; lastKnownFileType = sourcecode.cpp.cpp; path = egtbkey.cpp; sourceTree = "<group>"; };
		B18035452BE32F19007F7F91 /* egtbkey_xq.cpp */ = {isa = PBXFileReference; fileEncoding = 4; lastKnownFileType = sourcecode.cpp.cpp; path = egtbkey_xq.cpp; sourceTree = "<group>"; };
		B18035462BE32F19007F7F91 /* egtbfile.h */ = {isa = PBXFileReference; fileEncoding = 4; lastKnownFileType = sourcecode.c.h; path = egtbfile.h; sourceTree = "<group>"; };
		B18035472BE32F19007F7F91 /* egtbdb.cpp */ = {isa = PBXFileReference; fileEncoding = 4; lastKnownFileType = sourcecode.cpp.cpp; path = egtbdb.cpp; sourceTree = "<group>"; };
		B18035482BE32F19007F7F91 /* egtbfile_cs.cpp */ = {isa = PBXFileReference; fileEncoding = 4; lastKnownFileType = sourcecode.cpp.cpp; path = egtbfile_cs.cpp; sourceTree = "<group>"; };
		B180355B2BE36D4D007F7F91 /* BoardIndex.md */ = {isa = PBXFileReference; fileEncoding = 4; lastKnownFileType = net.daringfireball.markdown; path = BoardIndex.md; sourceTree = "<group>"; };
		B180355D2BE3D881007F7F91 /* compresslib.h */ = {isa = PBXFileReference; fileEncoding = 4; lastKnownFileType = sourcecode.c.h; path = compresslib.h; sourceTree = "<group>"; };
		B180355E2BE3D881007F7F91 /* defs.h */ = {isa = PBXFileReference; fileEncoding = 4; lastKnownFileType = sourcecode.c.h; path = defs.h; sourceTree = "<group>"; };
		B18035612BE3D881007F7F91 /* egtbgendb.cpp */ = {isa = PBXFileReference; fileEncoding = 4; lastKnownFileType = sourcecode.cpp.cpp; path = egtbgendb.cpp; sourceTree = "<group>"; };
		B18035642BE3D881007F7F91 /* obj.h */ = {isa = PBXFileReference; fileEncoding = 4; lastKnownFileType = sourcecode.c.h; path = obj.h; sourceTree = "<group>"; };
		B18035662BE3D881007F7F91 /* threadmng.h */ = {isa = PBXFileReference; fileEncoding = 4; lastKnownFileType = sourcecode.c.h; path = threadmng.h; sourceTree = "<group>"; };
		B18035672BE3D881007F7F91 /* genlib.cpp */ = {isa = PBXFileReference; fileEncoding = 4; lastKnownFileType = sourcecode.cpp.cpp; path = genlib.cpp; sourceTree = "<group>"; };
		B180356A2BE3D881007F7F91 /* mainegtb.cpp */ = {isa = PBXFileReference; fileEncoding = 4; lastKnownFileType = sourcecode.cpp.cpp; path = mainegtb.cpp; sourceTree = "<group>"; };
		B180356B2BE3D881007F7F91 /* genlib.h */ = {isa = PBXFileReference; fileEncoding = 4; lastKnownFileType = sourcecode.c.h; path = genlib.h; sourceTree = "<group>"; };
		B180356C2BE3D881007F7F91 /* egtbgendb.h */ = {isa = PBXFileReference; fileEncoding = 4; lastKnownFileType = sourcecode.c.h; path = egtbgendb.h; sourceTree = "<group>"; };
		B180356D2BE3D881007F7F91 /* egtbgenfile.cpp */ = {isa = PBXFileReference; fileEncoding = 4; lastKnownFileType = sourcecode.cpp.cpp; path = egtbgenfile.cpp; sourceTree = "<group>"; };
		B180356E2BE3D881007F7F91 /* compresslib.cpp */ = {isa = PBXFileReference; fileEncoding = 4; lastKnownFileType = sourcecode.cpp.cpp; path = compresslib.cpp; sourceTree = "<group>"; };
		B18035702BE3D881007F7F91 /* egtbgenfile.h */ = {isa = PBXFileReference; fileEncoding = 4; lastKnownFileType = sourcecode.c.h; path = egtbgenfile.h; sourceTree = "<group>"; };
		B18035722BE3D881007F7F91 /* threadmng.cpp */ = {isa = PBXFileReference; fileEncoding = 4; lastKnownFileType = sourcecode.cpp.cpp; path = threadmng.cpp; sourceTree = "<group>"; };
		B18035742BE3D881007F7F91 /* egtbgendb_lib.cpp */ = {isa = PBXFileReference; fileEncoding = 4; lastKnownFileType = sourcecode.cpp.cpp; path = egtbgendb_lib.cpp; sourceTree = "<group>"; };
		B181545A2BCEB25400EF7716 /* buildxq.sh */ = {isa = PBXFileReference; lastKnownFileType = text.script.sh; path = buildxq.sh; sourceTree = "<group>"; };
		B181545C2BCEB26700EF7716 /* xq.h */ = {isa = PBXFileReference; fileEncoding = 4; lastKnownFileType = sourcecode.c.h; path = xq.h; sourceTree = "<group>"; };
		B181545D2BCEB26700EF7716 /* xq.cpp */ = {isa = PBXFileReference; fileEncoding = 4; lastKnownFileType = sourcecode.cpp.cpp; path = xq.cpp; sourceTree = "<group>"; };
		B181546B2BCEB38D00EF7716 /* FelicityEgtb-xq */ = {isa = PBXFileReference; explicitFileType = "compiled.mach-o.executable"; includeInIndex = 0; path = "FelicityEgtb-xq"; sourceTree = BUILT_PRODUCTS_DIR; };
		B1A8BEEB2BEB4C2E0074CE7B /* ChessIndex.md */ = {isa = PBXFileReference; lastKnownFileType = net.daringfireball.markdown; path = ChessIndex.md; sourceTree = "<group>"; };
		B1A8BEEC2BEB4C800074CE7B /* Files.md */ = {isa = PBXFileReference; lastKnownFileType = net.daringfireball.markdown; path = Files.md; sourceTree = "<group>"; };
		B1B27CAE2BF58B4A00333F09 /* Generation.md */ = {isa = PBXFileReference; lastKnownFileType = net.daringfireball.markdown; path = Generation.md; sourceTree = "<group>"; };
		B1B27CAF2BF6293D00333F09 /* egtbgendb_backward.cpp */ = {isa = PBXFileReference; lastKnownFileType = sourcecode.cpp.cpp; path = egtbgendb_backward.cpp; sourceTree = "<group>"; };
/* End PBXFileReference section */

/* Begin PBXFrameworksBuildPhase section */
		749E8AD01FB5193200A2F578 /* Frameworks */ = {
			isa = PBXFrameworksBuildPhase;
			buildActionMask = 2147483647;
			files = (
			);
			runOnlyForDeploymentPostprocessing = 0;
		};
		B18154662BCEB38D00EF7716 /* Frameworks */ = {
			isa = PBXFrameworksBuildPhase;
			buildActionMask = 2147483647;
			files = (
			);
			runOnlyForDeploymentPostprocessing = 0;
		};
/* End PBXFrameworksBuildPhase section */

/* Begin PBXGroup section */
		749E8ACA1FB5193200A2F578 = {
			isa = PBXGroup;
			children = (
				749AF5BF1FB548440024B589 /* README.md */,
				B181545A2BCEB25400EF7716 /* buildxq.sh */,
				B16CABB72BCAC55B0001D9B1 /* build.sh */,
				B18154592BCEA4F400EF7716 /* docs */,
				B16CABA42BCA7DA90001D9B1 /* src */,
				749E8AD41FB5193200A2F578 /* Products */,
			);
			sourceTree = "<group>";
		};
		749E8AD41FB5193200A2F578 /* Products */ = {
			isa = PBXGroup;
			children = (
				749E8AD31FB5193200A2F578 /* FelicityEgtb */,
				B181546B2BCEB38D00EF7716 /* FelicityEgtb-xq */,
			);
			name = Products;
			sourceTree = "<group>";
		};
		B16CABA42BCA7DA90001D9B1 /* src */ = {
			isa = PBXGroup;
			children = (
				B180356A2BE3D881007F7F91 /* mainegtb.cpp */,
				B180355C2BE3D881007F7F91 /* fegtbgen */,
				B180353A2BE32F19007F7F91 /* fegtb */,
				B17711612BDD395400586C78 /* lzma */,
				B181545B2BCEB26700EF7716 /* xq */,
				B16CABA52BCA7DA90001D9B1 /* chess */,
				B16CABAB2BCA7DA90001D9B1 /* base */,
			);
			path = src;
			sourceTree = "<group>";
		};
		B16CABA52BCA7DA90001D9B1 /* chess */ = {
			isa = PBXGroup;
			children = (
				B16CABA62BCA7DA90001D9B1 /* chess.h */,
				B16CABA72BCA7DA90001D9B1 /* chess.cpp */,
			);
			path = chess;
			sourceTree = "<group>";
		};
		B16CABAB2BCA7DA90001D9B1 /* base */ = {
			isa = PBXGroup;
			children = (
				B16CABAC2BCA7DA90001D9B1 /* types.h */,
				B16CABAE2BCA7DA90001D9B1 /* funcs.cpp */,
				B16CABAF2BCA7DA90001D9B1 /* funcs.h */,
				B16CABB02BCA7DA90001D9B1 /* base.h */,
				B16CABAD2BCA7DA90001D9B1 /* base.cpp */,
			);
			path = base;
			sourceTree = "<group>";
		};
		B17711612BDD395400586C78 /* lzma */ = {
			isa = PBXGroup;
			children = (
				B17711622BDD395400586C78 /* LzHash.h */,
				B17711632BDD395400586C78 /* LzmaEnc.c */,
				B17711642BDD395400586C78 /* 7zTypes.h */,
				B17711652BDD395500586C78 /* Compiler.h */,
				B17711662BDD395500586C78 /* LzFind.c */,
				B17711672BDD395500586C78 /* Precomp.h */,
				B17711682BDD395500586C78 /* LzmaDec.c */,
				B17711692BDD395500586C78 /* LzmaEnc.h */,
				B177116A2BDD395500586C78 /* LzFind.h */,
				B177116B2BDD395500586C78 /* LzmaDec.h */,
			);
			path = lzma;
			sourceTree = "<group>";
		};
		B180353A2BE32F19007F7F91 /* fegtb */ = {
			isa = PBXGroup;
			children = (
				B180353D2BE32F19007F7F91 /* egtb.h */,
				B180353E2BE32F19007F7F91 /* egtbfile_xq.cpp */,
				B18035412BE32F19007F7F91 /* egtbkey.h */,
				B18035462BE32F19007F7F91 /* egtbfile.h */,
				B18035422BE32F19007F7F91 /* egtbfile.cpp */,
				B18035432BE32F19007F7F91 /* egtb.cpp */,
				B18035442BE32F19007F7F91 /* egtbkey.cpp */,
				B180353B2BE32F19007F7F91 /* egtbkey_cs.cpp */,
				B18035452BE32F19007F7F91 /* egtbkey_xq.cpp */,
				B180353C2BE32F19007F7F91 /* egtbdb.h */,
				B18035472BE32F19007F7F91 /* egtbdb.cpp */,
				B18035482BE32F19007F7F91 /* egtbfile_cs.cpp */,
			);
			name = fegtb;
			path = src/fegtb;
			sourceTree = SOURCE_ROOT;
		};
		B180355C2BE3D881007F7F91 /* fegtbgen */ = {
			isa = PBXGroup;
			children = (
				B180355E2BE3D881007F7F91 /* defs.h */,
				B18035642BE3D881007F7F91 /* obj.h */,
				B180356B2BE3D881007F7F91 /* genlib.h */,
				B18035672BE3D881007F7F91 /* genlib.cpp */,
				B180355D2BE3D881007F7F91 /* compresslib.h */,
				B180356E2BE3D881007F7F91 /* compresslib.cpp */,
				B18035662BE3D881007F7F91 /* threadmng.h */,
				B18035722BE3D881007F7F91 /* threadmng.cpp */,
				B180356D2BE3D881007F7F91 /* egtbgenfile.cpp */,
				B18035702BE3D881007F7F91 /* egtbgenfile.h */,
				B17B01E02BFD798C0035254D /* genboard.h */,
				B17B01DF2BFD798B0035254D /* genboard_cs.cpp */,
				B17B01E32BFD79C50035254D /* genboard_xq.cpp */,
				B180356C2BE3D881007F7F91 /* egtbgendb.h */,
				B18035612BE3D881007F7F91 /* egtbgendb.cpp */,
				B1B27CAF2BF6293D00333F09 /* egtbgendb_backward.cpp */,
				B16C3B472C0323D8006B3EE2 /* egtbgendb_forward.cpp */,
				B18035742BE3D881007F7F91 /* egtbgendb_lib.cpp */,
			);
			path = fegtbgen;
			sourceTree = "<group>";
		};
		B18154592BCEA4F400EF7716 /* docs */ = {
			isa = PBXGroup;
			children = (
				B17CBF252BE727AA00DD316C /* XiangqiIndex.md */,
				B180355B2BE36D4D007F7F91 /* BoardIndex.md */,
				B16AE0AE2BCC0D8400B75FC0 /* Perft.md */,
				B1A8BEEB2BEB4C2E0074CE7B /* ChessIndex.md */,
				B1A8BEEC2BEB4C800074CE7B /* Files.md */,
				B1B27CAE2BF58B4A00333F09 /* Generation.md */,
			);
			path = docs;
			sourceTree = "<group>";
		};
		B181545B2BCEB26700EF7716 /* xq */ = {
			isa = PBXGroup;
			children = (
				B181545C2BCEB26700EF7716 /* xq.h */,
				B181545D2BCEB26700EF7716 /* xq.cpp */,
			);
			path = xq;
			sourceTree = "<group>";
		};
/* End PBXGroup section */

/* Begin PBXNativeTarget section */
		749E8AD21FB5193200A2F578 /* FelicityEgtb */ = {
			isa = PBXNativeTarget;
			buildConfigurationList = 749E8ADA1FB5193200A2F578 /* Build configuration list for PBXNativeTarget "FelicityEgtb" */;
			buildPhases = (
				749E8ACF1FB5193200A2F578 /* Sources */,
				749E8AD01FB5193200A2F578 /* Frameworks */,
				749E8AD11FB5193200A2F578 /* CopyFiles */,
			);
			buildRules = (
			);
			dependencies = (
			);
			name = FelicityEgtb;
			productName = FelicityEgtb;
			productReference = 749E8AD31FB5193200A2F578 /* FelicityEgtb */;
			productType = "com.apple.product-type.tool";
		};
		B181545F2BCEB38D00EF7716 /* FelicityEgtb-xq */ = {
			isa = PBXNativeTarget;
			buildConfigurationList = B18154682BCEB38D00EF7716 /* Build configuration list for PBXNativeTarget "FelicityEgtb-xq" */;
			buildPhases = (
				B18154602BCEB38D00EF7716 /* Sources */,
				B18154662BCEB38D00EF7716 /* Frameworks */,
				B18154672BCEB38D00EF7716 /* CopyFiles */,
			);
			buildRules = (
			);
			dependencies = (
			);
			name = "FelicityEgtb-xq";
			productName = FelicityEgtb;
			productReference = B181546B2BCEB38D00EF7716 /* FelicityEgtb-xq */;
			productType = "com.apple.product-type.tool";
		};
/* End PBXNativeTarget section */

/* Begin PBXProject section */
		749E8ACB1FB5193200A2F578 /* Project object */ = {
			isa = PBXProject;
			attributes = {
				LastUpgradeCheck = 0920;
				ORGANIZATIONNAME = Softgaroo;
				TargetAttributes = {
					749E8AD21FB5193200A2F578 = {
						CreatedOnToolsVersion = 9.2;
						ProvisioningStyle = Automatic;
					};
					B181545F2BCEB38D00EF7716 = {
						ProvisioningStyle = Automatic;
					};
				};
			};
			buildConfigurationList = 749E8ACE1FB5193200A2F578 /* Build configuration list for PBXProject "FelicityEgtb" */;
			compatibilityVersion = "Xcode 8.0";
			developmentRegion = en;
			hasScannedForEncodings = 0;
			knownRegions = (
				en,
			);
			mainGroup = 749E8ACA1FB5193200A2F578;
			productRefGroup = 749E8AD41FB5193200A2F578 /* Products */;
			projectDirPath = "";
			projectRoot = "";
			targets = (
				749E8AD21FB5193200A2F578 /* FelicityEgtb */,
				B181545F2BCEB38D00EF7716 /* FelicityEgtb-xq */,
			);
		};
/* End PBXProject section */

/* Begin PBXSourcesBuildPhase section */
		749E8ACF1FB5193200A2F578 /* Sources */ = {
			isa = PBXSourcesBuildPhase;
			buildActionMask = 2147483647;
			files = (
				B18035532BE32F19007F7F91 /* egtbkey.cpp in Sources */,
				B177117A2BDD395500586C78 /* LzmaDec.c in Sources */,
				B180354B2BE32F19007F7F91 /* egtbfile_xq.cpp in Sources */,
				B180358D2BE3D881007F7F91 /* threadmng.cpp in Sources */,
				B18035872BE3D881007F7F91 /* egtbgenfile.cpp in Sources */,
				B180358F2BE3D881007F7F91 /* egtbgendb_lib.cpp in Sources */,
				B18035552BE32F19007F7F91 /* egtbkey_xq.cpp in Sources */,
				B16CABB42BCA7DA90001D9B1 /* base.cpp in Sources */,
				B17711762BDD395500586C78 /* LzmaEnc.c in Sources */,
				B180357B2BE3D881007F7F91 /* egtbgendb.cpp in Sources */,
				B18035592BE32F19007F7F91 /* egtbfile_cs.cpp in Sources */,
				B16CABB12BCA7DA90001D9B1 /* chess.cpp in Sources */,
				B16C3B482C0323D8006B3EE2 /* egtbgendb_forward.cpp in Sources */,
				B16CABB52BCA7DA90001D9B1 /* funcs.cpp in Sources */,
				B17711782BDD395500586C78 /* LzFind.c in Sources */,
				B18035492BE32F19007F7F91 /* egtbkey_cs.cpp in Sources */,
				B17B01E12BFD798C0035254D /* genboard_cs.cpp in Sources */,
				B1B27CB02BF6293D00333F09 /* egtbgendb_backward.cpp in Sources */,
				B180354F2BE32F19007F7F91 /* egtbfile.cpp in Sources */,
				B17B01E42BFD79C50035254D /* genboard_xq.cpp in Sources */,
				B18035512BE32F19007F7F91 /* egtb.cpp in Sources */,
				B18035852BE3D881007F7F91 /* mainegtb.cpp in Sources */,
				B18035572BE32F19007F7F91 /* egtbdb.cpp in Sources */,
				B18035832BE3D881007F7F91 /* genlib.cpp in Sources */,
				B18035892BE3D881007F7F91 /* compresslib.cpp in Sources */,
			);
			runOnlyForDeploymentPostprocessing = 0;
		};
		B18154602BCEB38D00EF7716 /* Sources */ = {
			isa = PBXSourcesBuildPhase;
			buildActionMask = 2147483647;
			files = (
				B18035542BE32F19007F7F91 /* egtbkey.cpp in Sources */,
				B177117B2BDD395500586C78 /* LzmaDec.c in Sources */,
				B180354C2BE32F19007F7F91 /* egtbfile_xq.cpp in Sources */,
				B180358E2BE3D881007F7F91 /* threadmng.cpp in Sources */,
				B18035882BE3D881007F7F91 /* egtbgenfile.cpp in Sources */,
				B18035902BE3D881007F7F91 /* egtbgendb_lib.cpp in Sources */,
				B18035562BE32F19007F7F91 /* egtbkey_xq.cpp in Sources */,
				B18154612BCEB38D00EF7716 /* xq.cpp in Sources */,
				B17711772BDD395500586C78 /* LzmaEnc.c in Sources */,
				B180357C2BE3D881007F7F91 /* egtbgendb.cpp in Sources */,
				B180355A2BE32F19007F7F91 /* egtbfile_cs.cpp in Sources */,
				B18154622BCEB38D00EF7716 /* base.cpp in Sources */,
				B16C3B492C0323D8006B3EE2 /* egtbgendb_forward.cpp in Sources */,
				B18154642BCEB38D00EF7716 /* funcs.cpp in Sources */,
				B17711792BDD395500586C78 /* LzFind.c in Sources */,
				B180354A2BE32F19007F7F91 /* egtbkey_cs.cpp in Sources */,
				B17B01E22BFD798C0035254D /* genboard_cs.cpp in Sources */,
				B1B27CB12BF6293D00333F09 /* egtbgendb_backward.cpp in Sources */,
				B18035502BE32F19007F7F91 /* egtbfile.cpp in Sources */,
				B17B01E52BFD79C50035254D /* genboard_xq.cpp in Sources */,
				B18035522BE32F19007F7F91 /* egtb.cpp in Sources */,
				B18035862BE3D881007F7F91 /* mainegtb.cpp in Sources */,
				B18035582BE32F19007F7F91 /* egtbdb.cpp in Sources */,
				B18035842BE3D881007F7F91 /* genlib.cpp in Sources */,
				B180358A2BE3D881007F7F91 /* compresslib.cpp in Sources */,
			);
			runOnlyForDeploymentPostprocessing = 0;
		};
/* End PBXSourcesBuildPhase section */

/* Begin XCBuildConfiguration section */
		749E8AD81FB5193200A2F578 /* Debug */ = {
			isa = XCBuildConfiguration;
			buildSettings = {
				ALWAYS_SEARCH_USER_PATHS = NO;
				CLANG_ANALYZER_NONNULL = YES;
				CLANG_ANALYZER_NUMBER_OBJECT_CONVERSION = YES_AGGRESSIVE;
				CLANG_CXX_LANGUAGE_STANDARD = "gnu++14";
				CLANG_CXX_LIBRARY = "libc++";
				CLANG_ENABLE_MODULES = YES;
				CLANG_ENABLE_OBJC_ARC = YES;
				CLANG_WARN_BLOCK_CAPTURE_AUTORELEASING = YES;
				CLANG_WARN_BOOL_CONVERSION = YES;
				CLANG_WARN_COMMA = YES;
				CLANG_WARN_CONSTANT_CONVERSION = YES;
				CLANG_WARN_DIRECT_OBJC_ISA_USAGE = YES_ERROR;
				CLANG_WARN_DOCUMENTATION_COMMENTS = YES;
				CLANG_WARN_EMPTY_BODY = YES;
				CLANG_WARN_ENUM_CONVERSION = YES;
				CLANG_WARN_INFINITE_RECURSION = YES;
				CLANG_WARN_INT_CONVERSION = YES;
				CLANG_WARN_NON_LITERAL_NULL_CONVERSION = YES;
				CLANG_WARN_OBJC_LITERAL_CONVERSION = YES;
				CLANG_WARN_OBJC_ROOT_CLASS = YES_ERROR;
				CLANG_WARN_RANGE_LOOP_ANALYSIS = YES;
				CLANG_WARN_STRICT_PROTOTYPES = YES;
				CLANG_WARN_SUSPICIOUS_MOVE = YES;
				CLANG_WARN_UNGUARDED_AVAILABILITY = YES_AGGRESSIVE;
				CLANG_WARN_UNREACHABLE_CODE = YES;
				CLANG_WARN__DUPLICATE_METHOD_MATCH = YES;
				CODE_SIGN_IDENTITY = "Mac Developer";
				COPY_PHASE_STRIP = NO;
				DEBUG_INFORMATION_FORMAT = dwarf;
				ENABLE_STRICT_OBJC_MSGSEND = YES;
				ENABLE_TESTABILITY = YES;
				GCC_C_LANGUAGE_STANDARD = gnu11;
				GCC_DYNAMIC_NO_PIC = NO;
				GCC_NO_COMMON_BLOCKS = YES;
				GCC_OPTIMIZATION_LEVEL = 0;
				GCC_PREPROCESSOR_DEFINITIONS = (
					"DEBUG=1",
					"$(inherited)",
				);
				GCC_WARN_64_TO_32_BIT_CONVERSION = YES;
				GCC_WARN_ABOUT_RETURN_TYPE = YES_ERROR;
				GCC_WARN_UNDECLARED_SELECTOR = YES;
				GCC_WARN_UNINITIALIZED_AUTOS = YES_AGGRESSIVE;
				GCC_WARN_UNUSED_FUNCTION = YES;
				GCC_WARN_UNUSED_VARIABLE = YES;
				MACOSX_DEPLOYMENT_TARGET = 10.13;
				MTL_ENABLE_DEBUG_INFO = YES;
				ONLY_ACTIVE_ARCH = YES;
				SDKROOT = macosx;
			};
			name = Debug;
		};
		749E8AD91FB5193200A2F578 /* Release */ = {
			isa = XCBuildConfiguration;
			buildSettings = {
				ALWAYS_SEARCH_USER_PATHS = NO;
				CLANG_ANALYZER_NONNULL = YES;
				CLANG_ANALYZER_NUMBER_OBJECT_CONVERSION = YES_AGGRESSIVE;
				CLANG_CXX_LANGUAGE_STANDARD = "gnu++14";
				CLANG_CXX_LIBRARY = "libc++";
				CLANG_ENABLE_MODULES = YES;
				CLANG_ENABLE_OBJC_ARC = YES;
				CLANG_WARN_BLOCK_CAPTURE_AUTORELEASING = YES;
				CLANG_WARN_BOOL_CONVERSION = YES;
				CLANG_WARN_COMMA = YES;
				CLANG_WARN_CONSTANT_CONVERSION = YES;
				CLANG_WARN_DIRECT_OBJC_ISA_USAGE = YES_ERROR;
				CLANG_WARN_DOCUMENTATION_COMMENTS = YES;
				CLANG_WARN_EMPTY_BODY = YES;
				CLANG_WARN_ENUM_CONVERSION = YES;
				CLANG_WARN_INFINITE_RECURSION = YES;
				CLANG_WARN_INT_CONVERSION = YES;
				CLANG_WARN_NON_LITERAL_NULL_CONVERSION = YES;
				CLANG_WARN_OBJC_LITERAL_CONVERSION = YES;
				CLANG_WARN_OBJC_ROOT_CLASS = YES_ERROR;
				CLANG_WARN_RANGE_LOOP_ANALYSIS = YES;
				CLANG_WARN_STRICT_PROTOTYPES = YES;
				CLANG_WARN_SUSPICIOUS_MOVE = YES;
				CLANG_WARN_UNGUARDED_AVAILABILITY = YES_AGGRESSIVE;
				CLANG_WARN_UNREACHABLE_CODE = YES;
				CLANG_WARN__DUPLICATE_METHOD_MATCH = YES;
				CODE_SIGN_IDENTITY = "Mac Developer";
				COPY_PHASE_STRIP = NO;
				DEBUG_INFORMATION_FORMAT = "dwarf-with-dsym";
				ENABLE_NS_ASSERTIONS = NO;
				ENABLE_STRICT_OBJC_MSGSEND = YES;
				GCC_C_LANGUAGE_STANDARD = gnu11;
				GCC_NO_COMMON_BLOCKS = YES;
				GCC_WARN_64_TO_32_BIT_CONVERSION = YES;
				GCC_WARN_ABOUT_RETURN_TYPE = YES_ERROR;
				GCC_WARN_UNDECLARED_SELECTOR = YES;
				GCC_WARN_UNINITIALIZED_AUTOS = YES_AGGRESSIVE;
				GCC_WARN_UNUSED_FUNCTION = YES;
				GCC_WARN_UNUSED_VARIABLE = YES;
				MACOSX_DEPLOYMENT_TARGET = 10.13;
				MTL_ENABLE_DEBUG_INFO = NO;
				SDKROOT = macosx;
			};
			name = Release;
		};
		749E8ADB1FB5193200A2F578 /* Debug */ = {
			isa = XCBuildConfiguration;
			buildSettings = {
				CODE_SIGN_STYLE = Automatic;
				DEVELOPMENT_TEAM = 3FHDXJ5CB2;
				GCC_C_LANGUAGE_STANDARD = c17;
				OTHER_CFLAGS = (
					"-D_FELICITY_CHESS_",
					"-D_7ZIP_ST",
				);
				PRODUCT_NAME = "$(TARGET_NAME)";
			};
			name = Debug;
		};
		749E8ADC1FB5193200A2F578 /* Release */ = {
			isa = XCBuildConfiguration;
			buildSettings = {
				CODE_SIGN_STYLE = Automatic;
				DEVELOPMENT_TEAM = 3FHDXJ5CB2;
				GCC_C_LANGUAGE_STANDARD = c17;
				GCC_OPTIMIZATION_LEVEL = 2;
				OTHER_CFLAGS = (
					"-D_FELICITY_CHESS_",
					"-D_7ZIP_ST",
				);
				PRODUCT_NAME = "$(TARGET_NAME)";
			};
			name = Release;
		};
		B18154692BCEB38D00EF7716 /* Debug */ = {
			isa = XCBuildConfiguration;
			buildSettings = {
				CODE_SIGN_STYLE = Automatic;
				DEVELOPMENT_TEAM = 3FHDXJ5CB2;
				GCC_C_LANGUAGE_STANDARD = c17;
				OTHER_CFLAGS = (
					"-D_FELICITY_XQ_",
					"-D_7ZIP_ST",
				);
				PRODUCT_NAME = "$(TARGET_NAME)";
			};
			name = Debug;
		};
		B181546A2BCEB38D00EF7716 /* Release */ = {
			isa = XCBuildConfiguration;
			buildSettings = {
				CODE_SIGN_STYLE = Automatic;
				DEVELOPMENT_TEAM = 3FHDXJ5CB2;
				GCC_C_LANGUAGE_STANDARD = c17;
				GCC_OPTIMIZATION_LEVEL = 2;
				OTHER_CFLAGS = (
					"-D_FELICITY_XQ_",
					"-D_7ZIP_ST",
				);
				PRODUCT_NAME = "$(TARGET_NAME)";
			};
			name = Release;
		};
/* End XCBuildConfiguration section */

/* Begin XCConfigurationList section */
		749E8ACE1FB5193200A2F578 /* Build configuration list for PBXProject "FelicityEgtb" */ = {
			isa = XCConfigurationList;
			buildConfigurations = (
				749E8AD81FB5193200A2F578 /* Debug */,
				749E8AD91FB5193200A2F578 /* Release */,
			);
			defaultConfigurationIsVisible = 0;
			defaultConfigurationName = Release;
		};
		749E8ADA1FB5193200A2F578 /* Build configuration list for PBXNativeTarget "FelicityEgtb" */ = {
			isa = XCConfigurationList;
			buildConfigurations = (
				749E8ADB1FB5193200A2F578 /* Debug */,
				749E8ADC1FB5193200A2F578 /* Release */,
			);
			defaultConfigurationIsVisible = 0;
			defaultConfigurationName = Release;
		};
		B18154682BCEB38D00EF7716 /* Build configuration list for PBXNativeTarget "FelicityEgtb-xq" */ = {
			isa = XCConfigurationList;
			buildConfigurations = (
				B18154692BCEB38D00EF7716 /* Debug */,
				B181546A2BCEB38D00EF7716 /* Release */,
			);
			defaultConfigurationIsVisible = 0;
			defaultConfigurationName = Release;
		};
/* End XCConfigurationList section */
	};
	rootObject = 749E8ACB1FB5193200A2F578 /* Project object */;
}
