// !$*UTF8*$!
{
	archiveVersion = 1;
	classes = {
	};
	objectVersion = 48;
	objects = {

/* Begin PBXBuildFile section */
		740CEBFA1FDF606100310E2A /* LzFind.c in Sources */ = {isa = PBXBuildFile; fileRef = 740CEBF21FDF606100310E2A /* LzFind.c */; };
		740CEBFB1FDF606100310E2A /* LzmaDec.c in Sources */ = {isa = PBXBuildFile; fileRef = 740CEBF51FDF606100310E2A /* LzmaDec.c */; };
		749E8AD71FB5193200A2F578 /* main.cpp in Sources */ = {isa = PBXBuildFile; fileRef = 749E8AD61FB5193200A2F578 /* main.cpp */; };
		749E8B001FB5197E00A2F578 /* EgtbLookup.cpp in Sources */ = {isa = PBXBuildFile; fileRef = 749E8ADE1FB5197D00A2F578 /* EgtbLookup.cpp */; };
		749E8B011FB5197E00A2F578 /* EgtbKey.cpp in Sources */ = {isa = PBXBuildFile; fileRef = 749E8AE01FB5197D00A2F578 /* EgtbKey.cpp */; };
		749E8B021FB5197E00A2F578 /* EgtbBoard.cpp in Sources */ = {isa = PBXBuildFile; fileRef = 749E8AE11FB5197D00A2F578 /* EgtbBoard.cpp */; };
		749E8B031FB5197E00A2F578 /* EgtbFile.cpp in Sources */ = {isa = PBXBuildFile; fileRef = 749E8AE31FB5197D00A2F578 /* EgtbFile.cpp */; };
		749E8B041FB5197E00A2F578 /* EgtbDb.cpp in Sources */ = {isa = PBXBuildFile; fileRef = 749E8AE61FB5197E00A2F578 /* EgtbDb.cpp */; };
		749E8B101FB5197E00A2F578 /* Egtb.cpp in Sources */ = {isa = PBXBuildFile; fileRef = 749E8AFF1FB5197E00A2F578 /* Egtb.cpp */; };
/* End PBXBuildFile section */

/* Begin PBXCopyFilesBuildPhase section */
		749E8AD11FB5193200A2F578 /* CopyFiles */ = {
			isa = PBXCopyFilesBuildPhase;
			buildActionMask = 2147483647;
			dstPath = /usr/share/man/man1/;
			dstSubfolderSpec = 0;
			files = (
			);
			runOnlyForDeploymentPostprocessing = 1;
		};
/* End PBXCopyFilesBuildPhase section */

/* Begin PBXFileReference section */
		740CEBF01FDF606100310E2A /* 7zTypes.h */ = {isa = PBXFileReference; fileEncoding = 4; lastKnownFileType = sourcecode.c.h; path = 7zTypes.h; sourceTree = "<group>"; };
		740CEBF11FDF606100310E2A /* Compiler.h */ = {isa = PBXFileReference; fileEncoding = 4; lastKnownFileType = sourcecode.c.h; path = Compiler.h; sourceTree = "<group>"; };
		740CEBF21FDF606100310E2A /* LzFind.c */ = {isa = PBXFileReference; fileEncoding = 4; lastKnownFileType = sourcecode.c.c; path = LzFind.c; sourceTree = "<group>"; };
		740CEBF31FDF606100310E2A /* LzFind.h */ = {isa = PBXFileReference; fileEncoding = 4; lastKnownFileType = sourcecode.c.h; path = LzFind.h; sourceTree = "<group>"; };
		740CEBF41FDF606100310E2A /* LzHash.h */ = {isa = PBXFileReference; fileEncoding = 4; lastKnownFileType = sourcecode.c.h; path = LzHash.h; sourceTree = "<group>"; };
		740CEBF51FDF606100310E2A /* LzmaDec.c */ = {isa = PBXFileReference; fileEncoding = 4; lastKnownFileType = sourcecode.c.c; path = LzmaDec.c; sourceTree = "<group>"; };
		740CEBF61FDF606100310E2A /* LzmaDec.h */ = {isa = PBXFileReference; fileEncoding = 4; lastKnownFileType = sourcecode.c.h; path = LzmaDec.h; sourceTree = "<group>"; };
		740CEBF91FDF606100310E2A /* Precomp.h */ = {isa = PBXFileReference; fileEncoding = 4; lastKnownFileType = sourcecode.c.h; path = Precomp.h; sourceTree = "<group>"; };
		749AF5BF1FB548440024B589 /* README.md */ = {isa = PBXFileReference; fileEncoding = 4; lastKnownFileType = net.daringfireball.markdown; path = README.md; sourceTree = "<group>"; };
		749E8AD31FB5193200A2F578 /* FelicityEgtb */ = {isa = PBXFileReference; explicitFileType = "compiled.mach-o.executable"; includeInIndex = 0; path = FelicityEgtb; sourceTree = BUILT_PRODUCTS_DIR; };
		749E8AD61FB5193200A2F578 /* main.cpp */ = {isa = PBXFileReference; lastKnownFileType = sourcecode.cpp.cpp; path = main.cpp; sourceTree = "<group>"; };
		749E8ADD1FB5197D00A2F578 /* EgtbDb.h */ = {isa = PBXFileReference; fileEncoding = 4; lastKnownFileType = sourcecode.c.h; path = EgtbDb.h; sourceTree = "<group>"; };
		749E8ADE1FB5197D00A2F578 /* EgtbLookup.cpp */ = {isa = PBXFileReference; fileEncoding = 4; lastKnownFileType = sourcecode.cpp.cpp; path = EgtbLookup.cpp; sourceTree = "<group>"; };
		749E8ADF1FB5197D00A2F578 /* EgtbLookup.h */ = {isa = PBXFileReference; fileEncoding = 4; lastKnownFileType = sourcecode.c.h; path = EgtbLookup.h; sourceTree = "<group>"; };
		749E8AE01FB5197D00A2F578 /* EgtbKey.cpp */ = {isa = PBXFileReference; fileEncoding = 4; lastKnownFileType = sourcecode.cpp.cpp; path = EgtbKey.cpp; sourceTree = "<group>"; };
		749E8AE11FB5197D00A2F578 /* EgtbBoard.cpp */ = {isa = PBXFileReference; fileEncoding = 4; lastKnownFileType = sourcecode.cpp.cpp; path = EgtbBoard.cpp; sourceTree = "<group>"; };
		749E8AE21FB5197D00A2F578 /* EgtbKey.h */ = {isa = PBXFileReference; fileEncoding = 4; lastKnownFileType = sourcecode.c.h; path = EgtbKey.h; sourceTree = "<group>"; };
		749E8AE31FB5197D00A2F578 /* EgtbFile.cpp */ = {isa = PBXFileReference; fileEncoding = 4; lastKnownFileType = sourcecode.cpp.cpp; path = EgtbFile.cpp; sourceTree = "<group>"; };
		749E8AE41FB5197E00A2F578 /* EgtbBoard.h */ = {isa = PBXFileReference; fileEncoding = 4; lastKnownFileType = sourcecode.c.h; path = EgtbBoard.h; sourceTree = "<group>"; };
		749E8AE51FB5197E00A2F578 /* Egtb.h */ = {isa = PBXFileReference; fileEncoding = 4; lastKnownFileType = sourcecode.c.h; path = Egtb.h; sourceTree = "<group>"; };
		749E8AE61FB5197E00A2F578 /* EgtbDb.cpp */ = {isa = PBXFileReference; fileEncoding = 4; lastKnownFileType = sourcecode.cpp.cpp; path = EgtbDb.cpp; sourceTree = "<group>"; };
		749E8AFE1FB5197E00A2F578 /* EgtbFile.h */ = {isa = PBXFileReference; fileEncoding = 4; lastKnownFileType = sourcecode.c.h; path = EgtbFile.h; sourceTree = "<group>"; };
		749E8AFF1FB5197E00A2F578 /* Egtb.cpp */ = {isa = PBXFileReference; fileEncoding = 4; lastKnownFileType = sourcecode.cpp.cpp; path = Egtb.cpp; sourceTree = "<group>"; };
/* End PBXFileReference section */

/* Begin PBXFrameworksBuildPhase section */
		749E8AD01FB5193200A2F578 /* Frameworks */ = {
			isa = PBXFrameworksBuildPhase;
			buildActionMask = 2147483647;
			files = (
			);
			runOnlyForDeploymentPostprocessing = 0;
		};
/* End PBXFrameworksBuildPhase section */

/* Begin PBXGroup section */
		740CEBEF1FDF606100310E2A /* lzma */ = {
			isa = PBXGroup;
			children = (
				740CEBF01FDF606100310E2A /* 7zTypes.h */,
				740CEBF11FDF606100310E2A /* Compiler.h */,
				740CEBF21FDF606100310E2A /* LzFind.c */,
				740CEBF31FDF606100310E2A /* LzFind.h */,
				740CEBF41FDF606100310E2A /* LzHash.h */,
				740CEBF51FDF606100310E2A /* LzmaDec.c */,
				740CEBF61FDF606100310E2A /* LzmaDec.h */,
				740CEBF91FDF606100310E2A /* Precomp.h */,
			);
			path = lzma;
			sourceTree = "<group>";
		};
		749E8ACA1FB5193200A2F578 = {
			isa = PBXGroup;
			children = (
				749AF5BF1FB548440024B589 /* README.md */,
				749E8AD51FB5193200A2F578 /* source */,
				749E8AD41FB5193200A2F578 /* Products */,
			);
			sourceTree = "<group>";
		};
		749E8AD41FB5193200A2F578 /* Products */ = {
			isa = PBXGroup;
			children = (
				749E8AD31FB5193200A2F578 /* FelicityEgtb */,
			);
			name = Products;
			sourceTree = "<group>";
		};
		749E8AD51FB5193200A2F578 /* source */ = {
			isa = PBXGroup;
			children = (
				740CEBEF1FDF606100310E2A /* lzma */,
				749E8AE51FB5197E00A2F578 /* Egtb.h */,
				749E8AFF1FB5197E00A2F578 /* Egtb.cpp */,
				749E8AE11FB5197D00A2F578 /* EgtbBoard.cpp */,
				749E8AE41FB5197E00A2F578 /* EgtbBoard.h */,
				749E8ADD1FB5197D00A2F578 /* EgtbDb.h */,
				749E8AE61FB5197E00A2F578 /* EgtbDb.cpp */,
				749E8AE31FB5197D00A2F578 /* EgtbFile.cpp */,
				749E8AFE1FB5197E00A2F578 /* EgtbFile.h */,
				749E8AE21FB5197D00A2F578 /* EgtbKey.h */,
				749E8AE01FB5197D00A2F578 /* EgtbKey.cpp */,
				749E8ADE1FB5197D00A2F578 /* EgtbLookup.cpp */,
				749E8ADF1FB5197D00A2F578 /* EgtbLookup.h */,
				749E8AD61FB5193200A2F578 /* main.cpp */,
			);
			path = source;
			sourceTree = "<group>";
		};
/* End PBXGroup section */

/* Begin PBXNativeTarget section */
		749E8AD21FB5193200A2F578 /* FelicityEgtb */ = {
			isa = PBXNativeTarget;
			buildConfigurationList = 749E8ADA1FB5193200A2F578 /* Build configuration list for PBXNativeTarget "FelicityEgtb" */;
			buildPhases = (
				749E8ACF1FB5193200A2F578 /* Sources */,
				749E8AD01FB5193200A2F578 /* Frameworks */,
				749E8AD11FB5193200A2F578 /* CopyFiles */,
			);
			buildRules = (
			);
			dependencies = (
			);
			name = FelicityEgtb;
			productName = FelicityEgtb;
			productReference = 749E8AD31FB5193200A2F578 /* FelicityEgtb */;
			productType = "com.apple.product-type.tool";
		};
/* End PBXNativeTarget section */

/* Begin PBXProject section */
		749E8ACB1FB5193200A2F578 /* Project object */ = {
			isa = PBXProject;
			attributes = {
				LastUpgradeCheck = 0920;
				ORGANIZATIONNAME = Softgaroo;
				TargetAttributes = {
					749E8AD21FB5193200A2F578 = {
						CreatedOnToolsVersion = 9.2;
						ProvisioningStyle = Automatic;
					};
				};
			};
			buildConfigurationList = 749E8ACE1FB5193200A2F578 /* Build configuration list for PBXProject "FelicityEgtb" */;
			compatibilityVersion = "Xcode 8.0";
			developmentRegion = en;
			hasScannedForEncodings = 0;
			knownRegions = (
				en,
			);
			mainGroup = 749E8ACA1FB5193200A2F578;
			productRefGroup = 749E8AD41FB5193200A2F578 /* Products */;
			projectDirPath = "";
			projectRoot = "";
			targets = (
				749E8AD21FB5193200A2F578 /* FelicityEgtb */,
			);
		};
/* End PBXProject section */

/* Begin PBXSourcesBuildPhase section */
		749E8ACF1FB5193200A2F578 /* Sources */ = {
			isa = PBXSourcesBuildPhase;
			buildActionMask = 2147483647;
			files = (
				740CEBFA1FDF606100310E2A /* LzFind.c in Sources */,
				749E8B021FB5197E00A2F578 /* EgtbBoard.cpp in Sources */,
				740CEBFB1FDF606100310E2A /* LzmaDec.c in Sources */,
				749E8B041FB5197E00A2F578 /* EgtbDb.cpp in Sources */,
				749E8B031FB5197E00A2F578 /* EgtbFile.cpp in Sources */,
				749E8B011FB5197E00A2F578 /* EgtbKey.cpp in Sources */,
				749E8B101FB5197E00A2F578 /* Egtb.cpp in Sources */,
				749E8AD71FB5193200A2F578 /* main.cpp in Sources */,
				749E8B001FB5197E00A2F578 /* EgtbLookup.cpp in Sources */,
			);
			runOnlyForDeploymentPostprocessing = 0;
		};
/* End PBXSourcesBuildPhase section */

/* Begin XCBuildConfiguration section */
		749E8AD81FB5193200A2F578 /* Debug */ = {
			isa = XCBuildConfiguration;
			buildSettings = {
				ALWAYS_SEARCH_USER_PATHS = NO;
				CLANG_ANALYZER_NONNULL = YES;
				CLANG_ANALYZER_NUMBER_OBJECT_CONVERSION = YES_AGGRESSIVE;
				CLANG_CXX_LANGUAGE_STANDARD = "gnu++14";
				CLANG_CXX_LIBRARY = "libc++";
				CLANG_ENABLE_MODULES = YES;
				CLANG_ENABLE_OBJC_ARC = YES;
				CLANG_WARN_BLOCK_CAPTURE_AUTORELEASING = YES;
				CLANG_WARN_BOOL_CONVERSION = YES;
				CLANG_WARN_COMMA = YES;
				CLANG_WARN_CONSTANT_CONVERSION = YES;
				CLANG_WARN_DIRECT_OBJC_ISA_USAGE = YES_ERROR;
				CLANG_WARN_DOCUMENTATION_COMMENTS = YES;
				CLANG_WARN_EMPTY_BODY = YES;
				CLANG_WARN_ENUM_CONVERSION = YES;
				CLANG_WARN_INFINITE_RECURSION = YES;
				CLANG_WARN_INT_CONVERSION = YES;
				CLANG_WARN_NON_LITERAL_NULL_CONVERSION = YES;
				CLANG_WARN_OBJC_LITERAL_CONVERSION = YES;
				CLANG_WARN_OBJC_ROOT_CLASS = YES_ERROR;
				CLANG_WARN_RANGE_LOOP_ANALYSIS = YES;
				CLANG_WARN_STRICT_PROTOTYPES = YES;
				CLANG_WARN_SUSPICIOUS_MOVE = YES;
				CLANG_WARN_UNGUARDED_AVAILABILITY = YES_AGGRESSIVE;
				CLANG_WARN_UNREACHABLE_CODE = YES;
				CLANG_WARN__DUPLICATE_METHOD_MATCH = YES;
				CODE_SIGN_IDENTITY = "Mac Developer";
				COPY_PHASE_STRIP = NO;
				DEBUG_INFORMATION_FORMAT = dwarf;
				ENABLE_STRICT_OBJC_MSGSEND = YES;
				ENABLE_TESTABILITY = YES;
				GCC_C_LANGUAGE_STANDARD = gnu11;
				GCC_DYNAMIC_NO_PIC = NO;
				GCC_NO_COMMON_BLOCKS = YES;
				GCC_OPTIMIZATION_LEVEL = 0;
				GCC_PREPROCESSOR_DEFINITIONS = (
					"DEBUG=1",
					"$(inherited)",
				);
				GCC_WARN_64_TO_32_BIT_CONVERSION = YES;
				GCC_WARN_ABOUT_RETURN_TYPE = YES_ERROR;
				GCC_WARN_UNDECLARED_SELECTOR = YES;
				GCC_WARN_UNINITIALIZED_AUTOS = YES_AGGRESSIVE;
				GCC_WARN_UNUSED_FUNCTION = YES;
				GCC_WARN_UNUSED_VARIABLE = YES;
				MACOSX_DEPLOYMENT_TARGET = 10.13;
				MTL_ENABLE_DEBUG_INFO = YES;
				ONLY_ACTIVE_ARCH = YES;
				SDKROOT = macosx;
			};
			name = Debug;
		};
		749E8AD91FB5193200A2F578 /* Release */ = {
			isa = XCBuildConfiguration;
			buildSettings = {
				ALWAYS_SEARCH_USER_PATHS = NO;
				CLANG_ANALYZER_NONNULL = YES;
				CLANG_ANALYZER_NUMBER_OBJECT_CONVERSION = YES_AGGRESSIVE;
				CLANG_CXX_LANGUAGE_STANDARD = "gnu++14";
				CLANG_CXX_LIBRARY = "libc++";
				CLANG_ENABLE_MODULES = YES;
				CLANG_ENABLE_OBJC_ARC = YES;
				CLANG_WARN_BLOCK_CAPTURE_AUTORELEASING = YES;
				CLANG_WARN_BOOL_CONVERSION = YES;
				CLANG_WARN_COMMA = YES;
				CLANG_WARN_CONSTANT_CONVERSION = YES;
				CLANG_WARN_DIRECT_OBJC_ISA_USAGE = YES_ERROR;
				CLANG_WARN_DOCUMENTATION_COMMENTS = YES;
				CLANG_WARN_EMPTY_BODY = YES;
				CLANG_WARN_ENUM_CONVERSION = YES;
				CLANG_WARN_INFINITE_RECURSION = YES;
				CLANG_WARN_INT_CONVERSION = YES;
				CLANG_WARN_NON_LITERAL_NULL_CONVERSION = YES;
				CLANG_WARN_OBJC_LITERAL_CONVERSION = YES;
				CLANG_WARN_OBJC_ROOT_CLASS = YES_ERROR;
				CLANG_WARN_RANGE_LOOP_ANALYSIS = YES;
				CLANG_WARN_STRICT_PROTOTYPES = YES;
				CLANG_WARN_SUSPICIOUS_MOVE = YES;
				CLANG_WARN_UNGUARDED_AVAILABILITY = YES_AGGRESSIVE;
				CLANG_WARN_UNREACHABLE_CODE = YES;
				CLANG_WARN__DUPLICATE_METHOD_MATCH = YES;
				CODE_SIGN_IDENTITY = "Mac Developer";
				COPY_PHASE_STRIP = NO;
				DEBUG_INFORMATION_FORMAT = "dwarf-with-dsym";
				ENABLE_NS_ASSERTIONS = NO;
				ENABLE_STRICT_OBJC_MSGSEND = YES;
				GCC_C_LANGUAGE_STANDARD = gnu11;
				GCC_NO_COMMON_BLOCKS = YES;
				GCC_WARN_64_TO_32_BIT_CONVERSION = YES;
				GCC_WARN_ABOUT_RETURN_TYPE = YES_ERROR;
				GCC_WARN_UNDECLARED_SELECTOR = YES;
				GCC_WARN_UNINITIALIZED_AUTOS = YES_AGGRESSIVE;
				GCC_WARN_UNUSED_FUNCTION = YES;
				GCC_WARN_UNUSED_VARIABLE = YES;
				MACOSX_DEPLOYMENT_TARGET = 10.13;
				MTL_ENABLE_DEBUG_INFO = NO;
				SDKROOT = macosx;
			};
			name = Release;
		};
		749E8ADB1FB5193200A2F578 /* Debug */ = {
			isa = XCBuildConfiguration;
			buildSettings = {
				CODE_SIGN_STYLE = Automatic;
				DEVELOPMENT_TEAM = 3FHDXJ5CB2;
				PRODUCT_NAME = "$(TARGET_NAME)";
			};
			name = Debug;
		};
		749E8ADC1FB5193200A2F578 /* Release */ = {
			isa = XCBuildConfiguration;
			buildSettings = {
				CODE_SIGN_STYLE = Automatic;
				DEVELOPMENT_TEAM = 3FHDXJ5CB2;
				OTHER_CFLAGS = "-DNDEBUG";
				PRODUCT_NAME = "$(TARGET_NAME)";
			};
			name = Release;
		};
/* End XCBuildConfiguration section */

/* Begin XCConfigurationList section */
		749E8ACE1FB5193200A2F578 /* Build configuration list for PBXProject "FelicityEgtb" */ = {
			isa = XCConfigurationList;
			buildConfigurations = (
				749E8AD81FB5193200A2F578 /* Debug */,
				749E8AD91FB5193200A2F578 /* Release */,
			);
			defaultConfigurationIsVisible = 0;
			defaultConfigurationName = Release;
		};
		749E8ADA1FB5193200A2F578 /* Build configuration list for PBXNativeTarget "FelicityEgtb" */ = {
			isa = XCConfigurationList;
			buildConfigurations = (
				749E8ADB1FB5193200A2F578 /* Debug */,
				749E8ADC1FB5193200A2F578 /* Release */,
			);
			defaultConfigurationIsVisible = 0;
			defaultConfigurationName = Release;
		};
/* End XCConfigurationList section */
	};
	rootObject = 749E8ACB1FB5193200A2F578 /* Project object */;
}
