// !$*UTF8*$!
{
	archiveVersion = 1;
	classes = {
	};
	objectVersion = 48;
	objects = {

/* Begin PBXBuildFile section */
		B16CABB12BCA7DA90001D9B1 /* chess.cpp in Sources */ = {isa = PBXBuildFile; fileRef = B16CABA72BCA7DA90001D9B1 /* chess.cpp */; };
		B16CABB32BCA7DA90001D9B1 /* main.cpp in Sources */ = {isa = PBXBuildFile; fileRef = B16CABAA2BCA7DA90001D9B1 /* main.cpp */; };
		B16CABB42BCA7DA90001D9B1 /* base.cpp in Sources */ = {isa = PBXBuildFile; fileRef = B16CABAD2BCA7DA90001D9B1 /* base.cpp */; };
		B16CABB52BCA7DA90001D9B1 /* funcs.cpp in Sources */ = {isa = PBXBuildFile; fileRef = B16CABAE2BCA7DA90001D9B1 /* funcs.cpp */; };
		B18154612BCEB38D00EF7716 /* xq.cpp in Sources */ = {isa = PBXBuildFile; fileRef = B181545D2BCEB26700EF7716 /* xq.cpp */; };
		B18154622BCEB38D00EF7716 /* base.cpp in Sources */ = {isa = PBXBuildFile; fileRef = B16CABAD2BCA7DA90001D9B1 /* base.cpp */; };
		B18154642BCEB38D00EF7716 /* funcs.cpp in Sources */ = {isa = PBXBuildFile; fileRef = B16CABAE2BCA7DA90001D9B1 /* funcs.cpp */; };
		B18154652BCEB38D00EF7716 /* main.cpp in Sources */ = {isa = PBXBuildFile; fileRef = B16CABAA2BCA7DA90001D9B1 /* main.cpp */; };
/* End PBXBuildFile section */

/* Begin PBXCopyFilesBuildPhase section */
		749E8AD11FB5193200A2F578 /* CopyFiles */ = {
			isa = PBXCopyFilesBuildPhase;
			buildActionMask = 2147483647;
			dstPath = /usr/share/man/man1/;
			dstSubfolderSpec = 0;
			files = (
			);
			runOnlyForDeploymentPostprocessing = 1;
		};
		B18154672BCEB38D00EF7716 /* CopyFiles */ = {
			isa = PBXCopyFilesBuildPhase;
			buildActionMask = 2147483647;
			dstPath = /usr/share/man/man1/;
			dstSubfolderSpec = 0;
			files = (
			);
			runOnlyForDeploymentPostprocessing = 1;
		};
/* End PBXCopyFilesBuildPhase section */

/* Begin PBXFileReference section */
		749AF5BF1FB548440024B589 /* README.md */ = {isa = PBXFileReference; fileEncoding = 4; lastKnownFileType = net.daringfireball.markdown; path = README.md; sourceTree = "<group>"; };
		749E8AD31FB5193200A2F578 /* FelicityEgtb */ = {isa = PBXFileReference; explicitFileType = "compiled.mach-o.executable"; includeInIndex = 0; path = FelicityEgtb; sourceTree = BUILT_PRODUCTS_DIR; };
		B16AE0AE2BCC0D8400B75FC0 /* Perft.md */ = {isa = PBXFileReference; lastKnownFileType = net.daringfireball.markdown; path = Perft.md; sourceTree = "<group>"; };
		B16CABA62BCA7DA90001D9B1 /* chess.h */ = {isa = PBXFileReference; fileEncoding = 4; lastKnownFileType = sourcecode.c.h; path = chess.h; sourceTree = "<group>"; };
		B16CABA72BCA7DA90001D9B1 /* chess.cpp */ = {isa = PBXFileReference; fileEncoding = 4; lastKnownFileType = sourcecode.cpp.cpp; path = chess.cpp; sourceTree = "<group>"; };
		B16CABAA2BCA7DA90001D9B1 /* main.cpp */ = {isa = PBXFileReference; fileEncoding = 4; lastKnownFileType = sourcecode.cpp.cpp; path = main.cpp; sourceTree = "<group>"; };
		B16CABAC2BCA7DA90001D9B1 /* types.h */ = {isa = PBXFileReference; fileEncoding = 4; lastKnownFileType = sourcecode.c.h; path = types.h; sourceTree = "<group>"; };
		B16CABAD2BCA7DA90001D9B1 /* base.cpp */ = {isa = PBXFileReference; fileEncoding = 4; lastKnownFileType = sourcecode.cpp.cpp; path = base.cpp; sourceTree = "<group>"; };
		B16CABAE2BCA7DA90001D9B1 /* funcs.cpp */ = {isa = PBXFileReference; fileEncoding = 4; lastKnownFileType = sourcecode.cpp.cpp; path = funcs.cpp; sourceTree = "<group>"; };
		B16CABAF2BCA7DA90001D9B1 /* funcs.h */ = {isa = PBXFileReference; fileEncoding = 4; lastKnownFileType = sourcecode.c.h; path = funcs.h; sourceTree = "<group>"; };
		B16CABB02BCA7DA90001D9B1 /* base.h */ = {isa = PBXFileReference; fileEncoding = 4; lastKnownFileType = sourcecode.c.h; path = base.h; sourceTree = "<group>"; };
		B16CABB72BCAC55B0001D9B1 /* build.sh */ = {isa = PBXFileReference; fileEncoding = 4; lastKnownFileType = text.script.sh; path = build.sh; sourceTree = "<group>"; };
		B181545A2BCEB25400EF7716 /* buildxq.sh */ = {isa = PBXFileReference; lastKnownFileType = text.script.sh; path = buildxq.sh; sourceTree = "<group>"; };
		B181545C2BCEB26700EF7716 /* xq.h */ = {isa = PBXFileReference; fileEncoding = 4; lastKnownFileType = sourcecode.c.h; path = xq.h; sourceTree = "<group>"; };
		B181545D2BCEB26700EF7716 /* xq.cpp */ = {isa = PBXFileReference; fileEncoding = 4; lastKnownFileType = sourcecode.cpp.cpp; path = xq.cpp; sourceTree = "<group>"; };
		B181546B2BCEB38D00EF7716 /* FelicityEgtb-xq */ = {isa = PBXFileReference; explicitFileType = "compiled.mach-o.executable"; includeInIndex = 0; path = "FelicityEgtb-xq"; sourceTree = BUILT_PRODUCTS_DIR; };
/* End PBXFileReference section */

/* Begin PBXFrameworksBuildPhase section */
		749E8AD01FB5193200A2F578 /* Frameworks */ = {
			isa = PBXFrameworksBuildPhase;
			buildActionMask = 2147483647;
			files = (
			);
			runOnlyForDeploymentPostprocessing = 0;
		};
		B18154662BCEB38D00EF7716 /* Frameworks */ = {
			isa = PBXFrameworksBuildPhase;
			buildActionMask = 2147483647;
			files = (
			);
			runOnlyForDeploymentPostprocessing = 0;
		};
/* End PBXFrameworksBuildPhase section */

/* Begin PBXGroup section */
		749E8ACA1FB5193200A2F578 = {
			isa = PBXGroup;
			children = (
				B181545A2BCEB25400EF7716 /* buildxq.sh */,
				749AF5BF1FB548440024B589 /* README.md */,
				B16CABB72BCAC55B0001D9B1 /* build.sh */,
				B18154592BCEA4F400EF7716 /* docs */,
				B16CABA42BCA7DA90001D9B1 /* src */,
				749E8AD41FB5193200A2F578 /* Products */,
			);
			sourceTree = "<group>";
		};
		749E8AD41FB5193200A2F578 /* Products */ = {
			isa = PBXGroup;
			children = (
				749E8AD31FB5193200A2F578 /* FelicityEgtb */,
				B181546B2BCEB38D00EF7716 /* FelicityEgtb-xq */,
			);
			name = Products;
			sourceTree = "<group>";
		};
		B16CABA42BCA7DA90001D9B1 /* src */ = {
			isa = PBXGroup;
			children = (
				B181545B2BCEB26700EF7716 /* xq */,
				B16CABAA2BCA7DA90001D9B1 /* main.cpp */,
				B16CABA52BCA7DA90001D9B1 /* chess */,
				B16CABAB2BCA7DA90001D9B1 /* base */,
			);
			path = src;
			sourceTree = "<group>";
		};
		B16CABA52BCA7DA90001D9B1 /* chess */ = {
			isa = PBXGroup;
			children = (
				B16CABA62BCA7DA90001D9B1 /* chess.h */,
				B16CABA72BCA7DA90001D9B1 /* chess.cpp */,
			);
			path = chess;
			sourceTree = "<group>";
		};
		B16CABAB2BCA7DA90001D9B1 /* base */ = {
			isa = PBXGroup;
			children = (
				B16CABAC2BCA7DA90001D9B1 /* types.h */,
				B16CABAD2BCA7DA90001D9B1 /* base.cpp */,
				B16CABAE2BCA7DA90001D9B1 /* funcs.cpp */,
				B16CABAF2BCA7DA90001D9B1 /* funcs.h */,
				B16CABB02BCA7DA90001D9B1 /* base.h */,
			);
			path = base;
			sourceTree = "<group>";
		};
		B18154592BCEA4F400EF7716 /* docs */ = {
			isa = PBXGroup;
			children = (
				B16AE0AE2BCC0D8400B75FC0 /* Perft.md */,
			);
			path = docs;
			sourceTree = "<group>";
		};
		B181545B2BCEB26700EF7716 /* xq */ = {
			isa = PBXGroup;
			children = (
				B181545C2BCEB26700EF7716 /* xq.h */,
				B181545D2BCEB26700EF7716 /* xq.cpp */,
			);
			path = xq;
			sourceTree = "<group>";
		};
/* End PBXGroup section */

/* Begin PBXNativeTarget section */
		749E8AD21FB5193200A2F578 /* FelicityEgtb */ = {
			isa = PBXNativeTarget;
			buildConfigurationList = 749E8ADA1FB5193200A2F578 /* Build configuration list for PBXNativeTarget "FelicityEgtb" */;
			buildPhases = (
				749E8ACF1FB5193200A2F578 /* Sources */,
				749E8AD01FB5193200A2F578 /* Frameworks */,
				749E8AD11FB5193200A2F578 /* CopyFiles */,
			);
			buildRules = (
			);
			dependencies = (
			);
			name = FelicityEgtb;
			productName = FelicityEgtb;
			productReference = 749E8AD31FB5193200A2F578 /* FelicityEgtb */;
			productType = "com.apple.product-type.tool";
		};
		B181545F2BCEB38D00EF7716 /* FelicityEgtb-xq */ = {
			isa = PBXNativeTarget;
			buildConfigurationList = B18154682BCEB38D00EF7716 /* Build configuration list for PBXNativeTarget "FelicityEgtb-xq" */;
			buildPhases = (
				B18154602BCEB38D00EF7716 /* Sources */,
				B18154662BCEB38D00EF7716 /* Frameworks */,
				B18154672BCEB38D00EF7716 /* CopyFiles */,
			);
			buildRules = (
			);
			dependencies = (
			);
			name = "FelicityEgtb-xq";
			productName = FelicityEgtb;
			productReference = B181546B2BCEB38D00EF7716 /* FelicityEgtb-xq */;
			productType = "com.apple.product-type.tool";
		};
/* End PBXNativeTarget section */

/* Begin PBXProject section */
		749E8ACB1FB5193200A2F578 /* Project object */ = {
			isa = PBXProject;
			attributes = {
				LastUpgradeCheck = 0920;
				ORGANIZATIONNAME = Softgaroo;
				TargetAttributes = {
					749E8AD21FB5193200A2F578 = {
						CreatedOnToolsVersion = 9.2;
						ProvisioningStyle = Automatic;
					};
					B181545F2BCEB38D00EF7716 = {
						ProvisioningStyle = Automatic;
					};
				};
			};
			buildConfigurationList = 749E8ACE1FB5193200A2F578 /* Build configuration list for PBXProject "FelicityEgtb" */;
			compatibilityVersion = "Xcode 8.0";
			developmentRegion = en;
			hasScannedForEncodings = 0;
			knownRegions = (
				en,
			);
			mainGroup = 749E8ACA1FB5193200A2F578;
			productRefGroup = 749E8AD41FB5193200A2F578 /* Products */;
			projectDirPath = "";
			projectRoot = "";
			targets = (
				749E8AD21FB5193200A2F578 /* FelicityEgtb */,
				B181545F2BCEB38D00EF7716 /* FelicityEgtb-xq */,
			);
		};
/* End PBXProject section */

/* Begin PBXSourcesBuildPhase section */
		749E8ACF1FB5193200A2F578 /* Sources */ = {
			isa = PBXSourcesBuildPhase;
			buildActionMask = 2147483647;
			files = (
				B16CABB42BCA7DA90001D9B1 /* base.cpp in Sources */,
				B16CABB12BCA7DA90001D9B1 /* chess.cpp in Sources */,
				B16CABB52BCA7DA90001D9B1 /* funcs.cpp in Sources */,
				B16CABB32BCA7DA90001D9B1 /* main.cpp in Sources */,
			);
			runOnlyForDeploymentPostprocessing = 0;
		};
		B18154602BCEB38D00EF7716 /* Sources */ = {
			isa = PBXSourcesBuildPhase;
			buildActionMask = 2147483647;
			files = (
				B18154612BCEB38D00EF7716 /* xq.cpp in Sources */,
				B18154622BCEB38D00EF7716 /* base.cpp in Sources */,
				B18154642BCEB38D00EF7716 /* funcs.cpp in Sources */,
				B18154652BCEB38D00EF7716 /* main.cpp in Sources */,
			);
			runOnlyForDeploymentPostprocessing = 0;
		};
/* End PBXSourcesBuildPhase section */

/* Begin XCBuildConfiguration section */
		749E8AD81FB5193200A2F578 /* Debug */ = {
			isa = XCBuildConfiguration;
			buildSettings = {
				ALWAYS_SEARCH_USER_PATHS = NO;
				CLANG_ANALYZER_NONNULL = YES;
				CLANG_ANALYZER_NUMBER_OBJECT_CONVERSION = YES_AGGRESSIVE;
				CLANG_CXX_LANGUAGE_STANDARD = "gnu++14";
				CLANG_CXX_LIBRARY = "libc++";
				CLANG_ENABLE_MODULES = YES;
				CLANG_ENABLE_OBJC_ARC = YES;
				CLANG_WARN_BLOCK_CAPTURE_AUTORELEASING = YES;
				CLANG_WARN_BOOL_CONVERSION = YES;
				CLANG_WARN_COMMA = YES;
				CLANG_WARN_CONSTANT_CONVERSION = YES;
				CLANG_WARN_DIRECT_OBJC_ISA_USAGE = YES_ERROR;
				CLANG_WARN_DOCUMENTATION_COMMENTS = YES;
				CLANG_WARN_EMPTY_BODY = YES;
				CLANG_WARN_ENUM_CONVERSION = YES;
				CLANG_WARN_INFINITE_RECURSION = YES;
				CLANG_WARN_INT_CONVERSION = YES;
				CLANG_WARN_NON_LITERAL_NULL_CONVERSION = YES;
				CLANG_WARN_OBJC_LITERAL_CONVERSION = YES;
				CLANG_WARN_OBJC_ROOT_CLASS = YES_ERROR;
				CLANG_WARN_RANGE_LOOP_ANALYSIS = YES;
				CLANG_WARN_STRICT_PROTOTYPES = YES;
				CLANG_WARN_SUSPICIOUS_MOVE = YES;
				CLANG_WARN_UNGUARDED_AVAILABILITY = YES_AGGRESSIVE;
				CLANG_WARN_UNREACHABLE_CODE = YES;
				CLANG_WARN__DUPLICATE_METHOD_MATCH = YES;
				CODE_SIGN_IDENTITY = "Mac Developer";
				COPY_PHASE_STRIP = NO;
				DEBUG_INFORMATION_FORMAT = dwarf;
				ENABLE_STRICT_OBJC_MSGSEND = YES;
				ENABLE_TESTABILITY = YES;
				GCC_C_LANGUAGE_STANDARD = gnu11;
				GCC_DYNAMIC_NO_PIC = NO;
				GCC_NO_COMMON_BLOCKS = YES;
				GCC_OPTIMIZATION_LEVEL = 0;
				GCC_PREPROCESSOR_DEFINITIONS = (
					"DEBUG=1",
					"$(inherited)",
				);
				GCC_WARN_64_TO_32_BIT_CONVERSION = YES;
				GCC_WARN_ABOUT_RETURN_TYPE = YES_ERROR;
				GCC_WARN_UNDECLARED_SELECTOR = YES;
				GCC_WARN_UNINITIALIZED_AUTOS = YES_AGGRESSIVE;
				GCC_WARN_UNUSED_FUNCTION = YES;
				GCC_WARN_UNUSED_VARIABLE = YES;
				MACOSX_DEPLOYMENT_TARGET = 10.13;
				MTL_ENABLE_DEBUG_INFO = YES;
				ONLY_ACTIVE_ARCH = YES;
				SDKROOT = macosx;
			};
			name = Debug;
		};
		749E8AD91FB5193200A2F578 /* Release */ = {
			isa = XCBuildConfiguration;
			buildSettings = {
				ALWAYS_SEARCH_USER_PATHS = NO;
				CLANG_ANALYZER_NONNULL = YES;
				CLANG_ANALYZER_NUMBER_OBJECT_CONVERSION = YES_AGGRESSIVE;
				CLANG_CXX_LANGUAGE_STANDARD = "gnu++14";
				CLANG_CXX_LIBRARY = "libc++";
				CLANG_ENABLE_MODULES = YES;
				CLANG_ENABLE_OBJC_ARC = YES;
				CLANG_WARN_BLOCK_CAPTURE_AUTORELEASING = YES;
				CLANG_WARN_BOOL_CONVERSION = YES;
				CLANG_WARN_COMMA = YES;
				CLANG_WARN_CONSTANT_CONVERSION = YES;
				CLANG_WARN_DIRECT_OBJC_ISA_USAGE = YES_ERROR;
				CLANG_WARN_DOCUMENTATION_COMMENTS = YES;
				CLANG_WARN_EMPTY_BODY = YES;
				CLANG_WARN_ENUM_CONVERSION = YES;
				CLANG_WARN_INFINITE_RECURSION = YES;
				CLANG_WARN_INT_CONVERSION = YES;
				CLANG_WARN_NON_LITERAL_NULL_CONVERSION = YES;
				CLANG_WARN_OBJC_LITERAL_CONVERSION = YES;
				CLANG_WARN_OBJC_ROOT_CLASS = YES_ERROR;
				CLANG_WARN_RANGE_LOOP_ANALYSIS = YES;
				CLANG_WARN_STRICT_PROTOTYPES = YES;
				CLANG_WARN_SUSPICIOUS_MOVE = YES;
				CLANG_WARN_UNGUARDED_AVAILABILITY = YES_AGGRESSIVE;
				CLANG_WARN_UNREACHABLE_CODE = YES;
				CLANG_WARN__DUPLICATE_METHOD_MATCH = YES;
				CODE_SIGN_IDENTITY = "Mac Developer";
				COPY_PHASE_STRIP = NO;
				DEBUG_INFORMATION_FORMAT = "dwarf-with-dsym";
				ENABLE_NS_ASSERTIONS = NO;
				ENABLE_STRICT_OBJC_MSGSEND = YES;
				GCC_C_LANGUAGE_STANDARD = gnu11;
				GCC_NO_COMMON_BLOCKS = YES;
				GCC_WARN_64_TO_32_BIT_CONVERSION = YES;
				GCC_WARN_ABOUT_RETURN_TYPE = YES_ERROR;
				GCC_WARN_UNDECLARED_SELECTOR = YES;
				GCC_WARN_UNINITIALIZED_AUTOS = YES_AGGRESSIVE;
				GCC_WARN_UNUSED_FUNCTION = YES;
				GCC_WARN_UNUSED_VARIABLE = YES;
				MACOSX_DEPLOYMENT_TARGET = 10.13;
				MTL_ENABLE_DEBUG_INFO = NO;
				SDKROOT = macosx;
			};
			name = Release;
		};
		749E8ADB1FB5193200A2F578 /* Debug */ = {
			isa = XCBuildConfiguration;
			buildSettings = {
				CODE_SIGN_STYLE = Automatic;
				DEVELOPMENT_TEAM = 3FHDXJ5CB2;
				GCC_C_LANGUAGE_STANDARD = c17;
				OTHER_CFLAGS = "-D_FELICITY_CHESS_";
				PRODUCT_NAME = "$(TARGET_NAME)";
			};
			name = Debug;
		};
		749E8ADC1FB5193200A2F578 /* Release */ = {
			isa = XCBuildConfiguration;
			buildSettings = {
				CODE_SIGN_STYLE = Automatic;
				DEVELOPMENT_TEAM = 3FHDXJ5CB2;
				GCC_C_LANGUAGE_STANDARD = c17;
				GCC_OPTIMIZATION_LEVEL = 2;
				OTHER_CFLAGS = "-D_FELICITY_CHESS_";
				PRODUCT_NAME = "$(TARGET_NAME)";
			};
			name = Release;
		};
		B18154692BCEB38D00EF7716 /* Debug */ = {
			isa = XCBuildConfiguration;
			buildSettings = {
				CODE_SIGN_STYLE = Automatic;
				DEVELOPMENT_TEAM = 3FHDXJ5CB2;
				GCC_C_LANGUAGE_STANDARD = c17;
				OTHER_CFLAGS = "-D_FELICITY_XQ_";
				PRODUCT_NAME = "$(TARGET_NAME)";
			};
			name = Debug;
		};
		B181546A2BCEB38D00EF7716 /* Release */ = {
			isa = XCBuildConfiguration;
			buildSettings = {
				CODE_SIGN_STYLE = Automatic;
				DEVELOPMENT_TEAM = 3FHDXJ5CB2;
				GCC_C_LANGUAGE_STANDARD = c17;
				GCC_OPTIMIZATION_LEVEL = 2;
				OTHER_CFLAGS = "-D_FELICITY_XQ_";
				PRODUCT_NAME = "$(TARGET_NAME)";
			};
			name = Release;
		};
/* End XCBuildConfiguration section */

/* Begin XCConfigurationList section */
		749E8ACE1FB5193200A2F578 /* Build configuration list for PBXProject "FelicityEgtb" */ = {
			isa = XCConfigurationList;
			buildConfigurations = (
				749E8AD81FB5193200A2F578 /* Debug */,
				749E8AD91FB5193200A2F578 /* Release */,
			);
			defaultConfigurationIsVisible = 0;
			defaultConfigurationName = Release;
		};
		749E8ADA1FB5193200A2F578 /* Build configuration list for PBXNativeTarget "FelicityEgtb" */ = {
			isa = XCConfigurationList;
			buildConfigurations = (
				749E8ADB1FB5193200A2F578 /* Debug */,
				749E8ADC1FB5193200A2F578 /* Release */,
			);
			defaultConfigurationIsVisible = 0;
			defaultConfigurationName = Release;
		};
		B18154682BCEB38D00EF7716 /* Build configuration list for PBXNativeTarget "FelicityEgtb-xq" */ = {
			isa = XCConfigurationList;
			buildConfigurations = (
				B18154692BCEB38D00EF7716 /* Debug */,
				B181546A2BCEB38D00EF7716 /* Release */,
			);
			defaultConfigurationIsVisible = 0;
			defaultConfigurationName = Release;
		};
/* End XCConfigurationList section */
	};
	rootObject = 749E8ACB1FB5193200A2F578 /* Project object */;
}
