<?xml version="1.0" encoding="UTF-8"?>
<Scheme
   LastUpgradeVersion = "1510"
   version = "1.7">
   <BuildAction
      parallelizeBuildables = "YES"
      buildImplicitDependencies = "YES">
      <BuildActionEntries>
         <BuildActionEntry
            buildForTesting = "YES"
            buildForRunning = "YES"
            buildForProfiling = "YES"
            buildForArchiving = "YES"
            buildForAnalyzing = "YES">
            <BuildableReference
               BuildableIdentifier = "primary"
               BlueprintIdentifier = "B181545F2BCEB38D00EF7716"
               BuildableName = "FelicityEgtb-xq"
               BlueprintName = "FelicityEgtb-xq"
               ReferencedContainer = "container:FelicityEgtb.xcodeproj">
            </BuildableReference>
         </BuildActionEntry>
      </BuildActionEntries>
   </BuildAction>
   <TestAction
      buildConfiguration = "Debug"
      selectedDebuggerIdentifier = "Xcode.DebuggerFoundation.Debugger.LLDB"
      selectedLauncherIdentifier = "Xcode.DebuggerFoundation.Launcher.LLDB"
      shouldUseLaunchSchemeArgsEnv = "YES"
      shouldAutocreateTestPlan = "YES">
   </TestAction>
   <LaunchAction
      buildConfiguration = "Debug"
      selectedDebuggerIdentifier = "Xcode.DebuggerFoundation.Debugger.LLDB"
      selectedLauncherIdentifier = "Xcode.DebuggerFoundation.Launcher.LLDB"
      launchStyle = "0"
      useCustomWorkingDirectory = "NO"
      ignoresPersistentStateOnLaunch = "NO"
      debugDocumentVersioning = "YES"
      debugServiceExtension = "internal"
      allowLocationSimulation = "YES"
      viewDebuggingEnabled = "No">
      <BuildableProductRunnable
         runnableDebuggingMode = "0">
         <BuildableReference
            BuildableIdentifier = "primary"
            BlueprintIdentifier = "B181545F2BCEB38D00EF7716"
            BuildableName = "FelicityEgtb-xq"
            BlueprintName = "FelicityEgtb-xq"
            ReferencedContainer = "container:FelicityEgtb.xcodeproj">
         </BuildableReference>
      </BuildableProductRunnable>
      <CommandLineArguments>
         <CommandLineArgument
            argument = "-n knpaabbkaabb"
            isEnabled = "NO">
         </CommandLineArgument>
         <CommandLineArgument
            argument = "-n 1"
            isEnabled = "NO">
         </CommandLineArgument>
         <CommandLineArgument
            argument = "-n 2"
            isEnabled = "NO">
         </CommandLineArgument>
         <CommandLineArgument
            argument = "-n rn-n"
            isEnabled = "NO">
         </CommandLineArgument>
         <CommandLineArgument
            argument = "-n krakra"
            isEnabled = "NO">
         </CommandLineArgument>
         <CommandLineArgument
            argument = "-n krakcna"
            isEnabled = "NO">
         </CommandLineArgument>
         <CommandLineArgument
            argument = "-n krpakcabb"
            isEnabled = "NO">
         </CommandLineArgument>
         <CommandLineArgument
            argument = "-n kraakcpaa"
            isEnabled = "NO">
         </CommandLineArgument>
         <CommandLineArgument
            argument = "-n krabkcpab"
            isEnabled = "NO">
         </CommandLineArgument>
         <CommandLineArgument
            argument = "-n kcpaknaa"
            isEnabled = "NO">
         </CommandLineArgument>
         <CommandLineArgument
            argument = "-n kcpabknaa"
            isEnabled = "YES">
         </CommandLineArgument>
         <CommandLineArgument
            argument = "-n kcaknp"
            isEnabled = "NO">
         </CommandLineArgument>
         <CommandLineArgument
            argument = "-subinfo"
            isEnabled = "NO">
         </CommandLineArgument>
         <CommandLineArgument
            argument = "-core 8"
            isEnabled = "YES">
         </CommandLineArgument>
         <CommandLineArgument
            argument = "-core 1"
            isEnabled = "NO">
         </CommandLineArgument>
         <CommandLineArgument
            argument = " -stats"
            isEnabled = "NO">
         </CommandLineArgument>
         <CommandLineArgument
            argument = "-h"
            isEnabled = "NO">
         </CommandLineArgument>
         <CommandLineArgument
            argument = "-g"
            isEnabled = "NO">
         </CommandLineArgument>
         <CommandLineArgument
            argument = "-v"
            isEnabled = "NO">
         </CommandLineArgument>
         <CommandLineArgument
            argument = "-vidx"
            isEnabled = "NO">
         </CommandLineArgument>
         <CommandLineArgument
            argument = "-d /Users/nguyenpham/Downloads/xqtb"
            isEnabled = "YES">
         </CommandLineArgument>
         <CommandLineArgument
            argument = "-noverify"
            isEnabled = "NO">
         </CommandLineArgument>
         <CommandLineArgument
            argument = "-allmovescores"
            isEnabled = "NO">
         </CommandLineArgument>
         <CommandLineArgument
            argument = "-fen 3aka3/6R2/7c1/9/9/9/9/9/4A4/3AK1p2 w - - 1 1"
            isEnabled = "NO">
         </CommandLineArgument>
         <CommandLineArgument
            argument = "-fen 3aka3/5R3/7c1/9/9/9/9/9/4A4/3AK1p2 w - - 1 1"
            isEnabled = "NO">
         </CommandLineArgument>
         <CommandLineArgument
            argument = "-fen 3aka3/9/7c1/9/9/9/9/9/4A4/3AK1R2 b - - 0 1"
            isEnabled = "NO">
         </CommandLineArgument>
         <CommandLineArgument
            argument = "-fen R2a5/4k4/9/5c3/9/9/9/9/9/2n2K3 b 0 1"
            isEnabled = "NO">
         </CommandLineArgument>
         <CommandLineArgument
            argument = "-bestline "
            isEnabled = "YES">
         </CommandLineArgument>
         <CommandLineArgument
            argument = "-fen R2a5/4k4/9/5c3/9/9/9/9/9/2n2K3 b 0 1"
            isEnabled = "NO">
         </CommandLineArgument>
         <CommandLineArgument
            argument = "-fen 3a5/4k4/4c4/4R4/9/9/9/3n5/9/5K3 w - - 2 3"
            isEnabled = "YES">
         </CommandLineArgument>
      </CommandLineArguments>
   </LaunchAction>
   <ProfileAction
      buildConfiguration = "Release"
      shouldUseLaunchSchemeArgsEnv = "YES"
      savedToolIdentifier = ""
      useCustomWorkingDirectory = "NO"
      debugDocumentVersioning = "YES">
      <BuildableProductRunnable
         runnableDebuggingMode = "0">
         <BuildableReference
            BuildableIdentifier = "primary"
            BlueprintIdentifier = "B181545F2BCEB38D00EF7716"
            BuildableName = "FelicityEgtb-xq"
            BlueprintName = "FelicityEgtb-xq"
            ReferencedContainer = "container:FelicityEgtb.xcodeproj">
         </BuildableReference>
      </BuildableProductRunnable>
   </ProfileAction>
   <AnalyzeAction
      buildConfiguration = "Debug">
   </AnalyzeAction>
   <ArchiveAction
      buildConfiguration = "Release"
      revealArchiveInOrganizer = "YES">
   </ArchiveAction>
</Scheme>
