<?xml version="1.0" encoding="UTF-8"?>
<Scheme
   LastUpgradeVersion = "1510"
   version = "1.7">
   <BuildAction
      parallelizeBuildables = "YES"
      buildImplicitDependencies = "YES">
      <BuildActionEntries>
         <BuildActionEntry
            buildForTesting = "YES"
            buildForRunning = "YES"
            buildForProfiling = "YES"
            buildForArchiving = "YES"
            buildForAnalyzing = "YES">
            <BuildableReference
               BuildableIdentifier = "primary"
               BlueprintIdentifier = "749E8AD21FB5193200A2F578"
               BuildableName = "FelicityEgtb"
               BlueprintName = "FelicityEgtb"
               ReferencedContainer = "container:FelicityEgtb.xcodeproj">
            </BuildableReference>
         </BuildActionEntry>
      </BuildActionEntries>
   </BuildAction>
   <TestAction
      buildConfiguration = "Debug"
      selectedDebuggerIdentifier = "Xcode.DebuggerFoundation.Debugger.LLDB"
      selectedLauncherIdentifier = "Xcode.DebuggerFoundation.Launcher.LLDB"
      shouldUseLaunchSchemeArgsEnv = "YES"
      shouldAutocreateTestPlan = "YES">
   </TestAction>
   <LaunchAction
      buildConfiguration = "Debug"
      selectedDebuggerIdentifier = "Xcode.DebuggerFoundation.Debugger.LLDB"
      selectedLauncherIdentifier = "Xcode.DebuggerFoundation.Launcher.LLDB"
      launchStyle = "0"
      useCustomWorkingDirectory = "NO"
      ignoresPersistentStateOnLaunch = "NO"
      debugDocumentVersioning = "YES"
      debugServiceExtension = "internal"
      allowLocationSimulation = "YES"
      viewDebuggingEnabled = "No">
      <BuildableProductRunnable
         runnableDebuggingMode = "0">
         <BuildableReference
            BuildableIdentifier = "primary"
            BlueprintIdentifier = "749E8AD21FB5193200A2F578"
            BuildableName = "FelicityEgtb"
            BlueprintName = "FelicityEgtb"
            ReferencedContainer = "container:FelicityEgtb.xcodeproj">
         </BuildableReference>
      </BuildableProductRunnable>
      <CommandLineArguments>
         <CommandLineArgument
            argument = "-n knkn"
            isEnabled = "NO">
         </CommandLineArgument>
         <CommandLineArgument
            argument = "-2"
            isEnabled = "NO">
         </CommandLineArgument>
         <CommandLineArgument
            argument = "-core 5"
            isEnabled = "NO">
         </CommandLineArgument>
         <CommandLineArgument
            argument = "-v"
            isEnabled = "NO">
         </CommandLineArgument>
         <CommandLineArgument
            argument = "-n 3"
<<<<<<< HEAD
            isEnabled = "YES">
=======
            isEnabled = "NO">
>>>>>>> master
         </CommandLineArgument>
         <CommandLineArgument
            argument = "-n 7"
            isEnabled = "NO">
         </CommandLineArgument>
         <CommandLineArgument
            argument = "-n krrrknnnn"
            isEnabled = "NO">
         </CommandLineArgument>
         <CommandLineArgument
            argument = "-n kqrbnpkqbnn"
            isEnabled = "NO">
         </CommandLineArgument>
         <CommandLineArgument
            argument = "-noverify"
            isEnabled = "NO">
         </CommandLineArgument>
         <CommandLineArgument
            argument = "-n 3"
            isEnabled = "NO">
         </CommandLineArgument>
         <CommandLineArgument
            argument = "-n krk"
            isEnabled = "NO">
         </CommandLineArgument>
         <CommandLineArgument
            argument = "-n kqk"
            isEnabled = "NO">
         </CommandLineArgument>
         <CommandLineArgument
            argument = "-n krknn"
            isEnabled = "NO">
         </CommandLineArgument>
         <CommandLineArgument
            argument = "-n kbnkr"
            isEnabled = "NO">
         </CommandLineArgument>
         <CommandLineArgument
            argument = "-n krkbn"
            isEnabled = "NO">
         </CommandLineArgument>
         <CommandLineArgument
            argument = "-vkey"
            isEnabled = "YES">
         </CommandLineArgument>
         <CommandLineArgument
            argument = "-d /Users/nguyenpham/Downloads/chess5men"
            isEnabled = "YES">
         </CommandLineArgument>
         <CommandLineArgument
            argument = "-g"
            isEnabled = "NO">
         </CommandLineArgument>
         <CommandLineArgument
            argument = "-subinfo"
            isEnabled = "NO">
         </CommandLineArgument>
         <CommandLineArgument
            argument = "-verbose"
            isEnabled = "NO">
         </CommandLineArgument>
         <CommandLineArgument
            argument = "-allmovescores"
            isEnabled = "NO">
         </CommandLineArgument>
         <CommandLineArgument
            argument = "-fen K7/8/7k/8/8/1Rb5/8/8 w - - 0 2"
            isEnabled = "NO">
         </CommandLineArgument>
         <CommandLineArgument
            argument = "-fen K7/8/7k/8/8/2R5/8/8 b - - 0 2"
            isEnabled = "NO">
         </CommandLineArgument>
         <CommandLineArgument
            argument = "-i"
            isEnabled = "NO">
         </CommandLineArgument>
         <CommandLineArgument
            argument = "-perft 5"
            isEnabled = "NO">
         </CommandLineArgument>
         <CommandLineArgument
            argument = "-epd /Users/nguyenpham/Downloads/testchess.epd"
            isEnabled = "NO">
         </CommandLineArgument>
         <CommandLineArgument
            argument = "-test create"
            isEnabled = "YES">
         </CommandLineArgument>
         <CommandLineArgument
            argument = "-test test"
            isEnabled = "NO">
         </CommandLineArgument>
      </CommandLineArguments>
   </LaunchAction>
   <ProfileAction
      buildConfiguration = "Release"
      shouldUseLaunchSchemeArgsEnv = "YES"
      savedToolIdentifier = ""
      useCustomWorkingDirectory = "NO"
      debugDocumentVersioning = "YES">
      <BuildableProductRunnable
         runnableDebuggingMode = "0">
         <BuildableReference
            BuildableIdentifier = "primary"
            BlueprintIdentifier = "749E8AD21FB5193200A2F578"
            BuildableName = "FelicityEgtb"
            BlueprintName = "FelicityEgtb"
            ReferencedContainer = "container:FelicityEgtb.xcodeproj">
         </BuildableReference>
      </BuildableProductRunnable>
   </ProfileAction>
   <AnalyzeAction
      buildConfiguration = "Debug">
   </AnalyzeAction>
   <ArchiveAction
      buildConfiguration = "Release"
      revealArchiveInOrganizer = "YES">
   </ArchiveAction>
</Scheme>
